
Microsoft Visual Studio Solution File, Format Version 12.00
# Visual Studio Version 16
VisualStudioVersion = 16.0.35026.282
MinimumVisualStudioVersion = 10.0.40219.1
Project("{8BC9CEB8-8B4A-11D0-8D11-00A0C91BC942}") = "EpsGraphnD", "EpsGraphnD.vcxproj", "{401941B6-769B-49C1-B839-249C84F2360F}"
EndProject
Global
	GlobalSection(SolutionConfigurationPlatforms) = preSolution
		Debug|x64 = Debug|x64
		Debug|x86 = Debug|x86
		Release|x64 = Release|x64
		Release|x86 = Release|x86
	EndGlobalSection
	GlobalSection(ProjectConfigurationPlatforms) = postSolution
		{401941B6-769B-49C1-B839-249C84F2360F}.Debug|x64.ActiveCfg = Debug|x64
		{401941B6-769B-49C1-B839-249C84F2360F}.Debug|x64.Build.0 = Debug|x64
		{401941B6-769B-49C1-B839-249C84F2360F}.Debug|x86.ActiveCfg = Debug|Win32
		{401941B6-769B-49C1-B839-249C84F2360F}.Debug|x86.Build.0 = Debug|Win32
		{401941B6-769B-49C1-B839-249C84F2360F}.Release|x64.ActiveCfg = Release|x64
		{401941B6-769B-49C1-B839-249C84F2360F}.Release|x64.Build.0 = Release|x64
		{401941B6-769B-49C1-B839-249C84F2360F}.Release|x86.ActiveCfg = Release|Win32
		{401941B6-769B-49C1-B839-249C84F2360F}.Release|x86.Build.0 = Release|Win32
	EndGlobalSection
	GlobalSection(SolutionProperties) = preSolution
		HideSolutionNode = FALSE
	EndGlobalSection
	GlobalSection(ExtensibilityGlobals) = postSolution
		SolutionGuid = {9DF59CBD-D9F0-42D4-BE54-CA8F9A2BB6C5}
	EndGlobalSection
EndGlobal
