<?xml version="1.0" encoding="utf-8"?>
<Project ToolsVersion="4.0" xmlns="http://schemas.microsoft.com/developer/msbuild/2003">
  <ItemGroup>
    <Filter Include="리소스 파일">
      <UniqueIdentifier>{c6e6678e-fe44-47ce-8a8f-f72f62c91664}</UniqueIdentifier>
    </Filter>
    <Filter Include="소스 파일">
      <UniqueIdentifier>{5e8292b8-0511-475a-9edd-b69f0b530efc}</UniqueIdentifier>
    </Filter>
    <Filter Include="헤더 파일">
      <UniqueIdentifier>{c7cfcc3f-2652-4420-9f7a-9680f9f2cdb8}</UniqueIdentifier>
    </Filter>
    <Filter Include="Util">
      <UniqueIdentifier>{d475a965-5892-47ba-9e2a-e8fa2ab57033}</UniqueIdentifier>
    </Filter>
  </ItemGroup>
  <ItemGroup>
    <ClCompile Include="pch.cpp">
      <Filter>소스 파일</Filter>
    </ClCompile>
    <ClCompile Include="AddDialog.cpp">
      <Filter>소스 파일</Filter>
    </ClCompile>
    <ClCompile Include="Object.cpp">
      <Filter>소스 파일</Filter>
    </ClCompile>
    <ClCompile Include="OGL_Contorl.cpp">
      <Filter>소스 파일</Filter>
    </ClCompile>
    <ClCompile Include="..\..\DataStructures\DCEL\DCEL.cpp" />
    <ClCompile Include="..\..\DataStructures\DCEL\Edge.cpp" />
    <ClCompile Include="..\..\DataStructures\DCEL\Point.cpp" />
    <ClCompile Include="..\..\DataStructures\DCEL\PolygonalDomain.cpp" />
    <ClCompile Include="..\..\DataStructures\DCEL\SimplePolygon.cpp" />
    <ClCompile Include="PDDNN.cpp" />
    <ClCompile Include="PDDNNDlg.cpp" />
    <ClCompile Include="PDDNN_DS.cpp" />
    <ClCompile Include="Util\PDGraph.cpp" />
    <ClCompile Include="Util\PDNode.cpp" />
  </ItemGroup>
  <ItemGroup>
    <ClInclude Include="framework.h">
      <Filter>헤더 파일</Filter>
    </ClInclude>
    <ClInclude Include="pch.h">
      <Filter>헤더 파일</Filter>
    </ClInclude>
    <ClInclude Include="resource.h">
      <Filter>헤더 파일</Filter>
    </ClInclude>
    <ClInclude Include="targetver.h">
      <Filter>헤더 파일</Filter>
    </ClInclude>
    <ClInclude Include="AddDialog.h">
      <Filter>헤더 파일</Filter>
    </ClInclude>
    <ClInclude Include="Object.h">
      <Filter>헤더 파일</Filter>
    </ClInclude>
    <ClInclude Include="OGL_Contorl.h">
      <Filter>헤더 파일</Filter>
    </ClInclude>
    <ClInclude Include="PDDNN.h" />
    <ClInclude Include="PDDNNDlg.h" />
    <ClInclude Include="PDDNN_DS.h" />
    <ClInclude Include="Util\PDgraph.h" />
    <ClInclude Include="Util\PDNode.h" />
  </ItemGroup>
  <ItemGroup>
    <ResourceCompile Include="PDDNN.rc" />
  </ItemGroup>
  <ItemGroup>
    <Image Include="res\PDDNN.ico" />
  </ItemGroup>
  <ItemGroup>
    <None Include="res\PDDNN.rc2" />
  </ItemGroup>
</Project>