
Microsoft Visual Studio Solution File, Format Version 12.00
# Visual Studio Version 17
VisualStudioVersion = 17.6.33815.320
MinimumVisualStudioVersion = 10.0.40219.1
Project("{8BC9CEB8-8B4A-11D0-8D11-00A0C91BC942}") = "BoxNN_L2", "BoxNN_L2.vcxproj", "{225F86DF-1077-4440-B318-3E86087BA85D}"
EndProject
Global
	GlobalSection(SolutionConfigurationPlatforms) = preSolution
		Debug|x64 = Debug|x64
		Debug|x86 = Debug|x86
		Release|x64 = Release|x64
		Release|x86 = Release|x86
	EndGlobalSection
	GlobalSection(ProjectConfigurationPlatforms) = postSolution
		{225F86DF-1077-4440-B318-3E86087BA85D}.Debug|x64.ActiveCfg = Debug|x64
		{225F86DF-1077-4440-B318-3E86087BA85D}.Debug|x64.Build.0 = Debug|x64
		{225F86DF-1077-4440-B318-3E86087BA85D}.Debug|x86.ActiveCfg = Debug|Win32
		{225F86DF-1077-4440-B318-3E86087BA85D}.Debug|x86.Build.0 = Debug|Win32
		{225F86DF-1077-4440-B318-3E86087BA85D}.Release|x64.ActiveCfg = Release|x64
		{225F86DF-1077-4440-B318-3E86087BA85D}.Release|x64.Build.0 = Release|x64
		{225F86DF-1077-4440-B318-3E86087BA85D}.Release|x86.ActiveCfg = Release|Win32
		{225F86DF-1077-4440-B318-3E86087BA85D}.Release|x86.Build.0 = Release|Win32
	EndGlobalSection
	GlobalSection(SolutionProperties) = preSolution
		HideSolutionNode = FALSE
	EndGlobalSection
	GlobalSection(ExtensibilityGlobals) = postSolution
		SolutionGuid = {B36C6DBB-5374-45CA-B4FA-46DD3F0F49D3}
	EndGlobalSection
EndGlobal
