<?xml version="1.0" encoding="utf-8"?>
<Project ToolsVersion="4.0" xmlns="http://schemas.microsoft.com/developer/msbuild/2003">
  <ItemGroup>
    <Filter Include="소스 파일">
      <UniqueIdentifier>{4FC737F1-C7A5-4376-A066-2A32D752A2FF}</UniqueIdentifier>
      <Extensions>cpp;c;cc;cxx;c++;cppm;ixx;def;odl;idl;hpj;bat;asm;asmx</Extensions>
    </Filter>
    <Filter Include="헤더 파일">
      <UniqueIdentifier>{93995380-89BD-4b04-88EB-625FBE52EBFB}</UniqueIdentifier>
      <Extensions>h;hh;hpp;hxx;h++;hm;inl;inc;ipp;xsd</Extensions>
    </Filter>
    <Filter Include="리소스 파일">
      <UniqueIdentifier>{67DA6AB6-F800-4c08-8B7A-83BB121AAD01}</UniqueIdentifier>
      <Extensions>rc;ico;cur;bmp;dlg;rc2;rct;bin;rgs;gif;jpg;jpeg;jpe;resx;tiff;tif;png;wav;mfcribbon-ms</Extensions>
    </Filter>
    <Filter Include="lib">
      <UniqueIdentifier>{07fbede7-e4e7-4579-b7b2-dde9d8f1da85}</UniqueIdentifier>
    </Filter>
    <Filter Include="include">
      <UniqueIdentifier>{e76bb2ed-3d49-45c0-8b24-99ceb1dfbad0}</UniqueIdentifier>
    </Filter>
    <Filter Include="include\EpsGraph3D">
      <UniqueIdentifier>{1b855f09-49f2-468b-80d5-03ae9ed0dba3}</UniqueIdentifier>
    </Filter>
  </ItemGroup>
  <ItemGroup>
    <ClInclude Include="DNNDemo.h">
      <Filter>헤더 파일</Filter>
    </ClInclude>
    <ClInclude Include="DNNDemoDlg.h">
      <Filter>헤더 파일</Filter>
    </ClInclude>
    <ClInclude Include="framework.h">
      <Filter>헤더 파일</Filter>
    </ClInclude>
    <ClInclude Include="targetver.h">
      <Filter>헤더 파일</Filter>
    </ClInclude>
    <ClInclude Include="Resource.h">
      <Filter>헤더 파일</Filter>
    </ClInclude>
    <ClInclude Include="pch.h">
      <Filter>헤더 파일</Filter>
    </ClInclude>
    <ClInclude Include="OGL_Contorl.h">
      <Filter>헤더 파일</Filter>
    </ClInclude>
    <ClInclude Include="Object.h">
      <Filter>헤더 파일</Filter>
    </ClInclude>
    <ClInclude Include="AddDialog.h">
      <Filter>헤더 파일</Filter>
    </ClInclude>
    <ClInclude Include="DNN_DS.h">
      <Filter>헤더 파일</Filter>
    </ClInclude>
    <ClInclude Include="include\EpsGraph3D\EpsGraph3D.h">
      <Filter>include\EpsGraph3D</Filter>
    </ClInclude>
    <ClInclude Include="include\EpsGraph3D\framework.h">
      <Filter>include\EpsGraph3D</Filter>
    </ClInclude>
    <ClInclude Include="include\EpsGraph3D\Point.h">
      <Filter>include\EpsGraph3D</Filter>
    </ClInclude>
    <ClInclude Include="include\EpsGraph3D\Polytope.h">
      <Filter>include\EpsGraph3D</Filter>
    </ClInclude>
  </ItemGroup>
  <ItemGroup>
    <ClCompile Include="DNNDemo.cpp">
      <Filter>소스 파일</Filter>
    </ClCompile>
    <ClCompile Include="DNNDemoDlg.cpp">
      <Filter>소스 파일</Filter>
    </ClCompile>
    <ClCompile Include="pch.cpp">
      <Filter>소스 파일</Filter>
    </ClCompile>
    <ClCompile Include="OGL_Contorl.cpp">
      <Filter>소스 파일</Filter>
    </ClCompile>
    <ClCompile Include="Object.cpp">
      <Filter>소스 파일</Filter>
    </ClCompile>
    <ClCompile Include="AddDialog.cpp">
      <Filter>소스 파일</Filter>
    </ClCompile>
    <ClCompile Include="DNN_DS.cpp">
      <Filter>소스 파일</Filter>
    </ClCompile>
  </ItemGroup>
  <ItemGroup>
    <ResourceCompile Include="DNNDemo.rc">
      <Filter>리소스 파일</Filter>
    </ResourceCompile>
  </ItemGroup>
  <ItemGroup>
    <None Include="res\DNNDemo.rc2">
      <Filter>리소스 파일</Filter>
    </None>
  </ItemGroup>
  <ItemGroup>
    <Image Include="res\DNNDemo.ico">
      <Filter>리소스 파일</Filter>
    </Image>
  </ItemGroup>
  <ItemGroup>
    <Library Include="lib\StaticLib_EpsGraph3D_64.lib">
      <Filter>lib</Filter>
    </Library>
    <Library Include="lib\StaticLib_EpsGraph3D_d64.lib">
      <Filter>lib</Filter>
    </Library>
    <Library Include="lib\StaticLib_EpsGraph3D_d86.lib">
      <Filter>lib</Filter>
    </Library>
    <Library Include="lib\StaticLib_EpsGraph3D_86.lib">
      <Filter>lib</Filter>
    </Library>
  </ItemGroup>
</Project>