
Microsoft Visual Studio Solution File, Format Version 12.00
# Visual Studio Version 16
VisualStudioVersion = 16.0.29806.167
MinimumVisualStudioVersion = 10.0.40219.1
Project("{8BC9CEB8-8B4A-11D0-8D11-00A0C91BC942}") = "Generate_Input", "Generate_Input\Generate_Input.vcxproj", "{328DDD05-A695-44F8-8365-BE776CAF9F4D}"
EndProject
Global
	GlobalSection(SolutionConfigurationPlatforms) = preSolution
		Debug|x64 = Debug|x64
		Debug|x86 = Debug|x86
		Release|x64 = Release|x64
		Release|x86 = Release|x86
	EndGlobalSection
	GlobalSection(ProjectConfigurationPlatforms) = postSolution
		{328DDD05-A695-44F8-8365-BE776CAF9F4D}.Debug|x64.ActiveCfg = Debug|x64
		{328DDD05-A695-44F8-8365-BE776CAF9F4D}.Debug|x64.Build.0 = Debug|x64
		{328DDD05-A695-44F8-8365-BE776CAF9F4D}.Debug|x86.ActiveCfg = Debug|Win32
		{328DDD05-A695-44F8-8365-BE776CAF9F4D}.Debug|x86.Build.0 = Debug|Win32
		{328DDD05-A695-44F8-8365-BE776CAF9F4D}.Release|x64.ActiveCfg = Release|x64
		{328DDD05-A695-44F8-8365-BE776CAF9F4D}.Release|x64.Build.0 = Release|x64
		{328DDD05-A695-44F8-8365-BE776CAF9F4D}.Release|x86.ActiveCfg = Release|Win32
		{328DDD05-A695-44F8-8365-BE776CAF9F4D}.Release|x86.Build.0 = Release|Win32
	EndGlobalSection
	GlobalSection(SolutionProperties) = preSolution
		HideSolutionNode = FALSE
	EndGlobalSection
	GlobalSection(ExtensibilityGlobals) = postSolution
		SolutionGuid = {BED0950A-0AC9-44EC-B356-440641C996AE}
	EndGlobalSection
EndGlobal
