<?xml version="1.0" encoding="utf-8"?>
<Project ToolsVersion="4.0" xmlns="http://schemas.microsoft.com/developer/msbuild/2003">
  <ItemGroup>
    <Filter Include="리소스 파일">
      <UniqueIdentifier>{5305307d-10ab-464d-8719-34accbcf4a15}</UniqueIdentifier>
    </Filter>
    <Filter Include="소스 파일">
      <UniqueIdentifier>{81e47d40-ba8e-439a-aa0b-99b8b20eb531}</UniqueIdentifier>
    </Filter>
    <Filter Include="헤더 파일">
      <UniqueIdentifier>{7a855dda-0cd3-4c75-9d59-631d6f7fe0f1}</UniqueIdentifier>
    </Filter>
  </ItemGroup>
  <ItemGroup>
    <ClInclude Include="CarrierGraph.h">
      <Filter>헤더 파일</Filter>
    </ClInclude>
    <ClInclude Include="Edge.h">
      <Filter>헤더 파일</Filter>
    </ClInclude>
    <ClInclude Include="Point.h">
      <Filter>헤더 파일</Filter>
    </ClInclude>
    <ClInclude Include="Rect.h">
      <Filter>헤더 파일</Filter>
    </ClInclude>
    <ClInclude Include="RectangularDomain.h">
      <Filter>헤더 파일</Filter>
    </ClInclude>
  </ItemGroup>
  <ItemGroup>
    <ClCompile Include="CarrierGraph.cpp">
      <Filter>소스 파일</Filter>
    </ClCompile>
    <ClCompile Include="Edge.cpp">
      <Filter>소스 파일</Filter>
    </ClCompile>
    <ClCompile Include="main.cpp">
      <Filter>소스 파일</Filter>
    </ClCompile>
    <ClCompile Include="Point.cpp">
      <Filter>소스 파일</Filter>
    </ClCompile>
    <ClCompile Include="Rect.cpp">
      <Filter>소스 파일</Filter>
    </ClCompile>
    <ClCompile Include="RectangularDomain.cpp">
      <Filter>소스 파일</Filter>
    </ClCompile>
  </ItemGroup>
  <ItemGroup>
    <None Include="CarrierGraph.md">
      <Filter>리소스 파일</Filter>
    </None>
    <None Include="README.md">
      <Filter>리소스 파일</Filter>
    </None>
    <None Include="Rect.md">
      <Filter>리소스 파일</Filter>
    </None>
    <None Include="RectangularDomain.md">
      <Filter>리소스 파일</Filter>
    </None>
  </ItemGroup>
</Project>