
Microsoft Visual Studio Solution File, Format Version 12.00
# Visual Studio Version 17
VisualStudioVersion = 17.1.32319.34
MinimumVisualStudioVersion = 10.0.40219.1
Project("{2150E333-8FDC-42A3-9474-1A3956D46DE8}") = "Algorithms", "Algorithms", "{8D7EB137-B703-4198-8645-9F7AF24AA394}"
EndProject
Project("{2150E333-8FDC-42A3-9474-1A3956D46DE8}") = "DataStructures", "DataStructures", "{C2B688A4-7732-4C7A-A55C-01F076D02A85}"
EndProject
Project("{2150E333-8FDC-42A3-9474-1A3956D46DE8}") = "NearestNeighbor", "NearestNeighbor", "{451000A9-3857-4F4F-818D-E2369FFDC309}"
EndProject
Project("{2150E333-8FDC-42A3-9474-1A3956D46DE8}") = "Examples", "Examples", "{EBB82F57-8DA6-40DD-B4D9-61661F39BA62}"
EndProject
Project("{888888A0-9F3D-457C-B088-3A5042F75D52}") = "Aligning", "Algorithms\Aligning\Aligning.pyproj", "{D7DF9768-BB93-41D2-9398-28DF2D2C1D82}"
EndProject
Project("{8BC9CEB8-8B4A-11D0-8D11-00A0C91BC942}") = "HNN", "NearestNeighbor\HNN\HNN.vcxproj", "{A536A058-B540-4F19-9DDF-9B1A0B3015E8}"
EndProject
Project("{8BC9CEB8-8B4A-11D0-8D11-00A0C91BC942}") = "DDNN", "NearestNeighbor\DDNN\DDNN.vcxproj", "{3EA50F92-0002-41F9-A73D-64507C67F98B}"
EndProject
Project("{8BC9CEB8-8B4A-11D0-8D11-00A0C91BC942}") = "L1NNS", "NearestNeighbor\L1NNS\L1NNS.vcxproj", "{7078B110-E5E8-461B-9052-564ED92353B6}"
EndProject
Project("{8BC9CEB8-8B4A-11D0-8D11-00A0C91BC942}") = "PDDNN", "NearestNeighbor\PDDNN\PDDNN.vcxproj", "{D85BBE99-43A6-4EB8-93AF-AAE15ED39E8C}"
	ProjectSection(ProjectDependencies) = postProject
		{81F69EBC-F2DB-4666-B1A2-08FDD8DB972A} = {81F69EBC-F2DB-4666-B1A2-08FDD8DB972A}
	EndProjectSection
EndProject
Project("{8BC9CEB8-8B4A-11D0-8D11-00A0C91BC942}") = "AVLTree", "DataStructures\AVLTree\AVLTree.vcxproj", "{154DFB90-243F-4E33-B805-06C283D78723}"
EndProject
Project("{8BC9CEB8-8B4A-11D0-8D11-00A0C91BC942}") = "BBST", "DataStructures\BBST\BBST.vcxproj", "{1E326B13-21ED-446B-9E9E-FEA8C29D6DB7}"
EndProject
Project("{8BC9CEB8-8B4A-11D0-8D11-00A0C91BC942}") = "L1NearestNeighborSearchRectangularDomain", "Examples\L1NearestNeighborSearchRectangularDomain\L1NearestNeighborSearchRectangularDomain.vcxproj", "{20FE3BEB-FB66-41FF-B8A9-860FCE670C0B}"
EndProject
Project("{8BC9CEB8-8B4A-11D0-8D11-00A0C91BC942}") = "CarrierGraph", "DataStructures\CarrierGraph\CarrierGraph.vcxproj", "{A747E52D-6FEE-439D-A7FB-2BF0C448A3AA}"
EndProject
Project("{8BC9CEB8-8B4A-11D0-8D11-00A0C91BC942}") = "RBTree", "DataStructures\RBTree\RBTree.vcxproj", "{D4A2F35B-948D-4BF1-A48A-3DD68E28AE08}"
EndProject
Project("{8BC9CEB8-8B4A-11D0-8D11-00A0C91BC942}") = "SegL1Voronoi", "DataStructures\SegL1Voronoi\SegL1Voronoi.vcxproj", "{7F38A22B-FBD2-4038-B439-027339194A2E}"
EndProject
Project("{8BC9CEB8-8B4A-11D0-8D11-00A0C91BC942}") = "SegTree", "DataStructures\SegTree\SegTree.vcxproj", "{756E600E-6C3C-4B4C-9096-D79ED8E3CEB1}"
EndProject
Project("{8BC9CEB8-8B4A-11D0-8D11-00A0C91BC942}") = "EpsGraph3D", "NearestNeighbor\EpsGraph3D\EpsGraph3D.vcxproj", "{60368921-BE58-4888-9DEF-05DEEA942BC3}"
EndProject
Project("{8BC9CEB8-8B4A-11D0-8D11-00A0C91BC942}") = "DCEL", "DataStructures\DCEL\DCEL.vcxproj", "{81F69EBC-F2DB-4666-B1A2-08FDD8DB972A}"
EndProject
Project("{8BC9CEB8-8B4A-11D0-8D11-00A0C91BC942}") = "FNN", "NearestNeighbor\FNN(NonlinearEmbedding)\nnimage\nnimage.vcxproj", "{5B1F840D-7EF0-46B2-8250-68DF69EE0808}"
EndProject
Project("{8BC9CEB8-8B4A-11D0-8D11-00A0C91BC942}") = "ShortestPathSimplePolygon", "Examples\ShortestPathSimplePolygon\ShortestPathSimplePolygon.vcxproj", "{BF7BF120-0B15-4621-8F81-E243E30E304B}"
EndProject
Project("{8BC9CEB8-8B4A-11D0-8D11-00A0C91BC942}") = "DNN", "NearestNeighbor\DNN\DNN.vcxproj", "{F54F0A2E-771C-4C9F-930C-17C33C8F9F8E}"
EndProject
Project("{8BC9CEB8-8B4A-11D0-8D11-00A0C91BC942}") = "ShortestVisibilityPath", "Examples\ShortestVisibilityPath\ShortestVisibilityPath.vcxproj", "{E1736540-B5CB-4320-B821-B620724BBCC8}"
EndProject
Global
	GlobalSection(SolutionConfigurationPlatforms) = preSolution
		Debug|Any CPU = Debug|Any CPU
		Debug|Win32 = Debug|Win32
		Debug|x64 = Debug|x64
		Debug|x86 = Debug|x86
		Release|Any CPU = Release|Any CPU
		Release|Win32 = Release|Win32
		Release|x64 = Release|x64
		Release|x86 = Release|x86
	EndGlobalSection
	GlobalSection(ProjectConfigurationPlatforms) = postSolution
		{D7DF9768-BB93-41D2-9398-28DF2D2C1D82}.Debug|Any CPU.ActiveCfg = Debug|Any CPU
		{D7DF9768-BB93-41D2-9398-28DF2D2C1D82}.Debug|Win32.ActiveCfg = Debug|Any CPU
		{D7DF9768-BB93-41D2-9398-28DF2D2C1D82}.Debug|x64.ActiveCfg = Debug|Any CPU
		{D7DF9768-BB93-41D2-9398-28DF2D2C1D82}.Debug|x86.ActiveCfg = Debug|Any CPU
		{D7DF9768-BB93-41D2-9398-28DF2D2C1D82}.Release|Any CPU.ActiveCfg = Release|Any CPU
		{D7DF9768-BB93-41D2-9398-28DF2D2C1D82}.Release|Win32.ActiveCfg = Release|Any CPU
		{D7DF9768-BB93-41D2-9398-28DF2D2C1D82}.Release|x64.ActiveCfg = Release|Any CPU
		{D7DF9768-BB93-41D2-9398-28DF2D2C1D82}.Release|x86.ActiveCfg = Release|Any CPU
		{A536A058-B540-4F19-9DDF-9B1A0B3015E8}.Debug|Any CPU.ActiveCfg = Debug|Win32
		{A536A058-B540-4F19-9DDF-9B1A0B3015E8}.Debug|Win32.ActiveCfg = Debug|Win32
		{A536A058-B540-4F19-9DDF-9B1A0B3015E8}.Debug|Win32.Build.0 = Debug|Win32
		{A536A058-B540-4F19-9DDF-9B1A0B3015E8}.Debug|x64.ActiveCfg = Debug|x64
		{A536A058-B540-4F19-9DDF-9B1A0B3015E8}.Debug|x64.Build.0 = Debug|x64
		{A536A058-B540-4F19-9DDF-9B1A0B3015E8}.Debug|x86.ActiveCfg = Debug|Win32
		{A536A058-B540-4F19-9DDF-9B1A0B3015E8}.Debug|x86.Build.0 = Debug|Win32
		{A536A058-B540-4F19-9DDF-9B1A0B3015E8}.Release|Any CPU.ActiveCfg = Release|Win32
		{A536A058-B540-4F19-9DDF-9B1A0B3015E8}.Release|Win32.ActiveCfg = Release|Win32
		{A536A058-B540-4F19-9DDF-9B1A0B3015E8}.Release|Win32.Build.0 = Release|Win32
		{A536A058-B540-4F19-9DDF-9B1A0B3015E8}.Release|x64.ActiveCfg = Release|x64
		{A536A058-B540-4F19-9DDF-9B1A0B3015E8}.Release|x64.Build.0 = Release|x64
		{A536A058-B540-4F19-9DDF-9B1A0B3015E8}.Release|x86.ActiveCfg = Release|Win32
		{A536A058-B540-4F19-9DDF-9B1A0B3015E8}.Release|x86.Build.0 = Release|Win32
		{3EA50F92-0002-41F9-A73D-64507C67F98B}.Debug|Any CPU.ActiveCfg = Debug|Win32
		{3EA50F92-0002-41F9-A73D-64507C67F98B}.Debug|Win32.ActiveCfg = Debug|Win32
		{3EA50F92-0002-41F9-A73D-64507C67F98B}.Debug|Win32.Build.0 = Debug|Win32
		{3EA50F92-0002-41F9-A73D-64507C67F98B}.Debug|x64.ActiveCfg = Debug|x64
		{3EA50F92-0002-41F9-A73D-64507C67F98B}.Debug|x64.Build.0 = Debug|x64
		{3EA50F92-0002-41F9-A73D-64507C67F98B}.Debug|x86.ActiveCfg = Debug|Win32
		{3EA50F92-0002-41F9-A73D-64507C67F98B}.Debug|x86.Build.0 = Debug|Win32
		{3EA50F92-0002-41F9-A73D-64507C67F98B}.Release|Any CPU.ActiveCfg = Release|Win32
		{3EA50F92-0002-41F9-A73D-64507C67F98B}.Release|Win32.ActiveCfg = Release|Win32
		{3EA50F92-0002-41F9-A73D-64507C67F98B}.Release|Win32.Build.0 = Release|Win32
		{3EA50F92-0002-41F9-A73D-64507C67F98B}.Release|x64.ActiveCfg = Release|x64
		{3EA50F92-0002-41F9-A73D-64507C67F98B}.Release|x64.Build.0 = Release|x64
		{3EA50F92-0002-41F9-A73D-64507C67F98B}.Release|x86.ActiveCfg = Release|Win32
		{3EA50F92-0002-41F9-A73D-64507C67F98B}.Release|x86.Build.0 = Release|Win32
		{7078B110-E5E8-461B-9052-564ED92353B6}.Debug|Any CPU.ActiveCfg = Debug|Win32
		{7078B110-E5E8-461B-9052-564ED92353B6}.Debug|Win32.ActiveCfg = Debug|Win32
		{7078B110-E5E8-461B-9052-564ED92353B6}.Debug|Win32.Build.0 = Debug|Win32
		{7078B110-E5E8-461B-9052-564ED92353B6}.Debug|x64.ActiveCfg = Debug|x64
		{7078B110-E5E8-461B-9052-564ED92353B6}.Debug|x64.Build.0 = Debug|x64
		{7078B110-E5E8-461B-9052-564ED92353B6}.Debug|x86.ActiveCfg = Debug|Win32
		{7078B110-E5E8-461B-9052-564ED92353B6}.Debug|x86.Build.0 = Debug|Win32
		{7078B110-E5E8-461B-9052-564ED92353B6}.Release|Any CPU.ActiveCfg = Release|Win32
		{7078B110-E5E8-461B-9052-564ED92353B6}.Release|Win32.ActiveCfg = Release|Win32
		{7078B110-E5E8-461B-9052-564ED92353B6}.Release|Win32.Build.0 = Release|Win32
		{7078B110-E5E8-461B-9052-564ED92353B6}.Release|x64.ActiveCfg = Release|x64
		{7078B110-E5E8-461B-9052-564ED92353B6}.Release|x64.Build.0 = Release|x64
		{7078B110-E5E8-461B-9052-564ED92353B6}.Release|x86.ActiveCfg = Release|Win32
		{7078B110-E5E8-461B-9052-564ED92353B6}.Release|x86.Build.0 = Release|Win32
		{D85BBE99-43A6-4EB8-93AF-AAE15ED39E8C}.Debug|Any CPU.ActiveCfg = Debug|Win32
		{D85BBE99-43A6-4EB8-93AF-AAE15ED39E8C}.Debug|Win32.ActiveCfg = Debug|Win32
		{D85BBE99-43A6-4EB8-93AF-AAE15ED39E8C}.Debug|Win32.Build.0 = Debug|Win32
		{D85BBE99-43A6-4EB8-93AF-AAE15ED39E8C}.Debug|x64.ActiveCfg = Debug|x64
		{D85BBE99-43A6-4EB8-93AF-AAE15ED39E8C}.Debug|x64.Build.0 = Debug|x64
		{D85BBE99-43A6-4EB8-93AF-AAE15ED39E8C}.Debug|x86.ActiveCfg = Debug|Win32
		{D85BBE99-43A6-4EB8-93AF-AAE15ED39E8C}.Debug|x86.Build.0 = Debug|Win32
		{D85BBE99-43A6-4EB8-93AF-AAE15ED39E8C}.Release|Any CPU.ActiveCfg = Release|Win32
		{D85BBE99-43A6-4EB8-93AF-AAE15ED39E8C}.Release|Win32.ActiveCfg = Release|Win32
		{D85BBE99-43A6-4EB8-93AF-AAE15ED39E8C}.Release|Win32.Build.0 = Release|Win32
		{D85BBE99-43A6-4EB8-93AF-AAE15ED39E8C}.Release|x64.ActiveCfg = Release|x64
		{D85BBE99-43A6-4EB8-93AF-AAE15ED39E8C}.Release|x64.Build.0 = Release|x64
		{D85BBE99-43A6-4EB8-93AF-AAE15ED39E8C}.Release|x86.ActiveCfg = Release|Win32
		{D85BBE99-43A6-4EB8-93AF-AAE15ED39E8C}.Release|x86.Build.0 = Release|Win32
		{154DFB90-243F-4E33-B805-06C283D78723}.Debug|Any CPU.ActiveCfg = Debug|Win32
		{154DFB90-243F-4E33-B805-06C283D78723}.Debug|Win32.ActiveCfg = Debug|Win32
		{154DFB90-243F-4E33-B805-06C283D78723}.Debug|Win32.Build.0 = Debug|Win32
		{154DFB90-243F-4E33-B805-06C283D78723}.Debug|x64.ActiveCfg = Debug|x64
		{154DFB90-243F-4E33-B805-06C283D78723}.Debug|x64.Build.0 = Debug|x64
		{154DFB90-243F-4E33-B805-06C283D78723}.Debug|x86.ActiveCfg = Debug|Win32
		{154DFB90-243F-4E33-B805-06C283D78723}.Debug|x86.Build.0 = Debug|Win32
		{154DFB90-243F-4E33-B805-06C283D78723}.Release|Any CPU.ActiveCfg = Release|Win32
		{154DFB90-243F-4E33-B805-06C283D78723}.Release|Win32.ActiveCfg = Release|Win32
		{154DFB90-243F-4E33-B805-06C283D78723}.Release|Win32.Build.0 = Release|Win32
		{154DFB90-243F-4E33-B805-06C283D78723}.Release|x64.ActiveCfg = Release|x64
		{154DFB90-243F-4E33-B805-06C283D78723}.Release|x64.Build.0 = Release|x64
		{154DFB90-243F-4E33-B805-06C283D78723}.Release|x86.ActiveCfg = Release|Win32
		{154DFB90-243F-4E33-B805-06C283D78723}.Release|x86.Build.0 = Release|Win32
		{1E326B13-21ED-446B-9E9E-FEA8C29D6DB7}.Debug|Any CPU.ActiveCfg = Debug|Win32
		{1E326B13-21ED-446B-9E9E-FEA8C29D6DB7}.Debug|Win32.ActiveCfg = Debug|Win32
		{1E326B13-21ED-446B-9E9E-FEA8C29D6DB7}.Debug|Win32.Build.0 = Debug|Win32
		{1E326B13-21ED-446B-9E9E-FEA8C29D6DB7}.Debug|x64.ActiveCfg = Debug|x64
		{1E326B13-21ED-446B-9E9E-FEA8C29D6DB7}.Debug|x64.Build.0 = Debug|x64
		{1E326B13-21ED-446B-9E9E-FEA8C29D6DB7}.Debug|x86.ActiveCfg = Debug|Win32
		{1E326B13-21ED-446B-9E9E-FEA8C29D6DB7}.Debug|x86.Build.0 = Debug|Win32
		{1E326B13-21ED-446B-9E9E-FEA8C29D6DB7}.Release|Any CPU.ActiveCfg = Release|Win32
		{1E326B13-21ED-446B-9E9E-FEA8C29D6DB7}.Release|Win32.ActiveCfg = Release|Win32
		{1E326B13-21ED-446B-9E9E-FEA8C29D6DB7}.Release|Win32.Build.0 = Release|Win32
		{1E326B13-21ED-446B-9E9E-FEA8C29D6DB7}.Release|x64.ActiveCfg = Release|x64
		{1E326B13-21ED-446B-9E9E-FEA8C29D6DB7}.Release|x64.Build.0 = Release|x64
		{1E326B13-21ED-446B-9E9E-FEA8C29D6DB7}.Release|x86.ActiveCfg = Release|Win32
		{1E326B13-21ED-446B-9E9E-FEA8C29D6DB7}.Release|x86.Build.0 = Release|Win32
		{20FE3BEB-FB66-41FF-B8A9-860FCE670C0B}.Debug|Any CPU.ActiveCfg = Debug|Win32
		{20FE3BEB-FB66-41FF-B8A9-860FCE670C0B}.Debug|Win32.ActiveCfg = Debug|Win32
		{20FE3BEB-FB66-41FF-B8A9-860FCE670C0B}.Debug|Win32.Build.0 = Debug|Win32
		{20FE3BEB-FB66-41FF-B8A9-860FCE670C0B}.Debug|x64.ActiveCfg = Debug|x64
		{20FE3BEB-FB66-41FF-B8A9-860FCE670C0B}.Debug|x64.Build.0 = Debug|x64
		{20FE3BEB-FB66-41FF-B8A9-860FCE670C0B}.Debug|x86.ActiveCfg = Debug|Win32
		{20FE3BEB-FB66-41FF-B8A9-860FCE670C0B}.Debug|x86.Build.0 = Debug|Win32
		{20FE3BEB-FB66-41FF-B8A9-860FCE670C0B}.Release|Any CPU.ActiveCfg = Release|Win32
		{20FE3BEB-FB66-41FF-B8A9-860FCE670C0B}.Release|Win32.ActiveCfg = Release|Win32
		{20FE3BEB-FB66-41FF-B8A9-860FCE670C0B}.Release|Win32.Build.0 = Release|Win32
		{20FE3BEB-FB66-41FF-B8A9-860FCE670C0B}.Release|x64.ActiveCfg = Release|x64
		{20FE3BEB-FB66-41FF-B8A9-860FCE670C0B}.Release|x64.Build.0 = Release|x64
		{20FE3BEB-FB66-41FF-B8A9-860FCE670C0B}.Release|x86.ActiveCfg = Release|Win32
		{20FE3BEB-FB66-41FF-B8A9-860FCE670C0B}.Release|x86.Build.0 = Release|Win32
		{A747E52D-6FEE-439D-A7FB-2BF0C448A3AA}.Debug|Any CPU.ActiveCfg = Debug|Win32
		{A747E52D-6FEE-439D-A7FB-2BF0C448A3AA}.Debug|Win32.ActiveCfg = Debug|Win32
		{A747E52D-6FEE-439D-A7FB-2BF0C448A3AA}.Debug|Win32.Build.0 = Debug|Win32
		{A747E52D-6FEE-439D-A7FB-2BF0C448A3AA}.Debug|x64.ActiveCfg = Debug|x64
		{A747E52D-6FEE-439D-A7FB-2BF0C448A3AA}.Debug|x64.Build.0 = Debug|x64
		{A747E52D-6FEE-439D-A7FB-2BF0C448A3AA}.Debug|x86.ActiveCfg = Debug|Win32
		{A747E52D-6FEE-439D-A7FB-2BF0C448A3AA}.Debug|x86.Build.0 = Debug|Win32
		{A747E52D-6FEE-439D-A7FB-2BF0C448A3AA}.Release|Any CPU.ActiveCfg = Release|Win32
		{A747E52D-6FEE-439D-A7FB-2BF0C448A3AA}.Release|Win32.ActiveCfg = Release|Win32
		{A747E52D-6FEE-439D-A7FB-2BF0C448A3AA}.Release|Win32.Build.0 = Release|Win32
		{A747E52D-6FEE-439D-A7FB-2BF0C448A3AA}.Release|x64.ActiveCfg = Release|x64
		{A747E52D-6FEE-439D-A7FB-2BF0C448A3AA}.Release|x64.Build.0 = Release|x64
		{A747E52D-6FEE-439D-A7FB-2BF0C448A3AA}.Release|x86.ActiveCfg = Release|Win32
		{A747E52D-6FEE-439D-A7FB-2BF0C448A3AA}.Release|x86.Build.0 = Release|Win32
		{D4A2F35B-948D-4BF1-A48A-3DD68E28AE08}.Debug|Any CPU.ActiveCfg = Debug|Win32
		{D4A2F35B-948D-4BF1-A48A-3DD68E28AE08}.Debug|Win32.ActiveCfg = Debug|Win32
		{D4A2F35B-948D-4BF1-A48A-3DD68E28AE08}.Debug|Win32.Build.0 = Debug|Win32
		{D4A2F35B-948D-4BF1-A48A-3DD68E28AE08}.Debug|x64.ActiveCfg = Debug|x64
		{D4A2F35B-948D-4BF1-A48A-3DD68E28AE08}.Debug|x64.Build.0 = Debug|x64
		{D4A2F35B-948D-4BF1-A48A-3DD68E28AE08}.Debug|x86.ActiveCfg = Debug|Win32
		{D4A2F35B-948D-4BF1-A48A-3DD68E28AE08}.Debug|x86.Build.0 = Debug|Win32
		{D4A2F35B-948D-4BF1-A48A-3DD68E28AE08}.Release|Any CPU.ActiveCfg = Release|Win32
		{D4A2F35B-948D-4BF1-A48A-3DD68E28AE08}.Release|Win32.ActiveCfg = Release|Win32
		{D4A2F35B-948D-4BF1-A48A-3DD68E28AE08}.Release|Win32.Build.0 = Release|Win32
		{D4A2F35B-948D-4BF1-A48A-3DD68E28AE08}.Release|x64.ActiveCfg = Release|x64
		{D4A2F35B-948D-4BF1-A48A-3DD68E28AE08}.Release|x64.Build.0 = Release|x64
		{D4A2F35B-948D-4BF1-A48A-3DD68E28AE08}.Release|x86.ActiveCfg = Release|Win32
		{D4A2F35B-948D-4BF1-A48A-3DD68E28AE08}.Release|x86.Build.0 = Release|Win32
		{7F38A22B-FBD2-4038-B439-027339194A2E}.Debug|Any CPU.ActiveCfg = Debug|Win32
		{7F38A22B-FBD2-4038-B439-027339194A2E}.Debug|Win32.ActiveCfg = Debug|Win32
		{7F38A22B-FBD2-4038-B439-027339194A2E}.Debug|Win32.Build.0 = Debug|Win32
		{7F38A22B-FBD2-4038-B439-027339194A2E}.Debug|x64.ActiveCfg = Debug|x64
		{7F38A22B-FBD2-4038-B439-027339194A2E}.Debug|x64.Build.0 = Debug|x64
		{7F38A22B-FBD2-4038-B439-027339194A2E}.Debug|x86.ActiveCfg = Debug|Win32
		{7F38A22B-FBD2-4038-B439-027339194A2E}.Debug|x86.Build.0 = Debug|Win32
		{7F38A22B-FBD2-4038-B439-027339194A2E}.Release|Any CPU.ActiveCfg = Release|Win32
		{7F38A22B-FBD2-4038-B439-027339194A2E}.Release|Win32.ActiveCfg = Release|Win32
		{7F38A22B-FBD2-4038-B439-027339194A2E}.Release|Win32.Build.0 = Release|Win32
		{7F38A22B-FBD2-4038-B439-027339194A2E}.Release|x64.ActiveCfg = Release|x64
		{7F38A22B-FBD2-4038-B439-027339194A2E}.Release|x64.Build.0 = Release|x64
		{7F38A22B-FBD2-4038-B439-027339194A2E}.Release|x86.ActiveCfg = Release|Win32
		{7F38A22B-FBD2-4038-B439-027339194A2E}.Release|x86.Build.0 = Release|Win32
		{756E600E-6C3C-4B4C-9096-D79ED8E3CEB1}.Debug|Any CPU.ActiveCfg = Debug|Win32
		{756E600E-6C3C-4B4C-9096-D79ED8E3CEB1}.Debug|Win32.ActiveCfg = Debug|Win32
		{756E600E-6C3C-4B4C-9096-D79ED8E3CEB1}.Debug|Win32.Build.0 = Debug|Win32
		{756E600E-6C3C-4B4C-9096-D79ED8E3CEB1}.Debug|x64.ActiveCfg = Debug|x64
		{756E600E-6C3C-4B4C-9096-D79ED8E3CEB1}.Debug|x64.Build.0 = Debug|x64
		{756E600E-6C3C-4B4C-9096-D79ED8E3CEB1}.Debug|x86.ActiveCfg = Debug|Win32
		{756E600E-6C3C-4B4C-9096-D79ED8E3CEB1}.Debug|x86.Build.0 = Debug|Win32
		{756E600E-6C3C-4B4C-9096-D79ED8E3CEB1}.Release|Any CPU.ActiveCfg = Release|Win32
		{756E600E-6C3C-4B4C-9096-D79ED8E3CEB1}.Release|Win32.ActiveCfg = Release|Win32
		{756E600E-6C3C-4B4C-9096-D79ED8E3CEB1}.Release|Win32.Build.0 = Release|Win32
		{756E600E-6C3C-4B4C-9096-D79ED8E3CEB1}.Release|x64.ActiveCfg = Release|x64
		{756E600E-6C3C-4B4C-9096-D79ED8E3CEB1}.Release|x64.Build.0 = Release|x64
		{756E600E-6C3C-4B4C-9096-D79ED8E3CEB1}.Release|x86.ActiveCfg = Release|Win32
		{756E600E-6C3C-4B4C-9096-D79ED8E3CEB1}.Release|x86.Build.0 = Release|Win32
		{60368921-BE58-4888-9DEF-05DEEA942BC3}.Debug|Any CPU.ActiveCfg = Debug|x64
		{60368921-BE58-4888-9DEF-05DEEA942BC3}.Debug|Any CPU.Build.0 = Debug|x64
		{60368921-BE58-4888-9DEF-05DEEA942BC3}.Debug|Win32.ActiveCfg = Debug|Win32
		{60368921-BE58-4888-9DEF-05DEEA942BC3}.Debug|Win32.Build.0 = Debug|Win32
		{60368921-BE58-4888-9DEF-05DEEA942BC3}.Debug|x64.ActiveCfg = Debug|x64
		{60368921-BE58-4888-9DEF-05DEEA942BC3}.Debug|x64.Build.0 = Debug|x64
		{60368921-BE58-4888-9DEF-05DEEA942BC3}.Debug|x86.ActiveCfg = Debug|Win32
		{60368921-BE58-4888-9DEF-05DEEA942BC3}.Debug|x86.Build.0 = Debug|Win32
		{60368921-BE58-4888-9DEF-05DEEA942BC3}.Release|Any CPU.ActiveCfg = Release|x64
		{60368921-BE58-4888-9DEF-05DEEA942BC3}.Release|Any CPU.Build.0 = Release|x64
		{60368921-BE58-4888-9DEF-05DEEA942BC3}.Release|Win32.ActiveCfg = Release|Win32
		{60368921-BE58-4888-9DEF-05DEEA942BC3}.Release|Win32.Build.0 = Release|Win32
		{60368921-BE58-4888-9DEF-05DEEA942BC3}.Release|x64.ActiveCfg = Release|x64
		{60368921-BE58-4888-9DEF-05DEEA942BC3}.Release|x64.Build.0 = Release|x64
		{60368921-BE58-4888-9DEF-05DEEA942BC3}.Release|x86.ActiveCfg = Release|Win32
		{60368921-BE58-4888-9DEF-05DEEA942BC3}.Release|x86.Build.0 = Release|Win32
		{81F69EBC-F2DB-4666-B1A2-08FDD8DB972A}.Debug|Any CPU.ActiveCfg = Debug|x64
		{81F69EBC-F2DB-4666-B1A2-08FDD8DB972A}.Debug|Any CPU.Build.0 = Debug|x64
		{81F69EBC-F2DB-4666-B1A2-08FDD8DB972A}.Debug|Win32.ActiveCfg = Debug|Win32
		{81F69EBC-F2DB-4666-B1A2-08FDD8DB972A}.Debug|Win32.Build.0 = Debug|Win32
		{81F69EBC-F2DB-4666-B1A2-08FDD8DB972A}.Debug|x64.ActiveCfg = Debug|x64
		{81F69EBC-F2DB-4666-B1A2-08FDD8DB972A}.Debug|x64.Build.0 = Debug|x64
		{81F69EBC-F2DB-4666-B1A2-08FDD8DB972A}.Debug|x86.ActiveCfg = Debug|Win32
		{81F69EBC-F2DB-4666-B1A2-08FDD8DB972A}.Debug|x86.Build.0 = Debug|Win32
		{81F69EBC-F2DB-4666-B1A2-08FDD8DB972A}.Release|Any CPU.ActiveCfg = Release|x64
		{81F69EBC-F2DB-4666-B1A2-08FDD8DB972A}.Release|Any CPU.Build.0 = Release|x64
		{81F69EBC-F2DB-4666-B1A2-08FDD8DB972A}.Release|Win32.ActiveCfg = Release|Win32
		{81F69EBC-F2DB-4666-B1A2-08FDD8DB972A}.Release|Win32.Build.0 = Release|Win32
		{81F69EBC-F2DB-4666-B1A2-08FDD8DB972A}.Release|x64.ActiveCfg = Release|x64
		{81F69EBC-F2DB-4666-B1A2-08FDD8DB972A}.Release|x64.Build.0 = Release|x64
		{81F69EBC-F2DB-4666-B1A2-08FDD8DB972A}.Release|x86.ActiveCfg = Release|Win32
		{81F69EBC-F2DB-4666-B1A2-08FDD8DB972A}.Release|x86.Build.0 = Release|Win32
		{5B1F840D-7EF0-46B2-8250-68DF69EE0808}.Debug|Any CPU.ActiveCfg = Debug|Win32
		{5B1F840D-7EF0-46B2-8250-68DF69EE0808}.Debug|Any CPU.Build.0 = Debug|Win32
		{5B1F840D-7EF0-46B2-8250-68DF69EE0808}.Debug|Win32.ActiveCfg = Debug|Win32
		{5B1F840D-7EF0-46B2-8250-68DF69EE0808}.Debug|Win32.Build.0 = Debug|Win32
		{5B1F840D-7EF0-46B2-8250-68DF69EE0808}.Debug|x64.ActiveCfg = Debug|Win32
		{5B1F840D-7EF0-46B2-8250-68DF69EE0808}.Debug|x64.Build.0 = Debug|Win32
		{5B1F840D-7EF0-46B2-8250-68DF69EE0808}.Debug|x86.ActiveCfg = Debug|Win32
		{5B1F840D-7EF0-46B2-8250-68DF69EE0808}.Debug|x86.Build.0 = Debug|Win32
		{5B1F840D-7EF0-46B2-8250-68DF69EE0808}.Release|Any CPU.ActiveCfg = Release|Win32
		{5B1F840D-7EF0-46B2-8250-68DF69EE0808}.Release|Any CPU.Build.0 = Release|Win32
		{5B1F840D-7EF0-46B2-8250-68DF69EE0808}.Release|Win32.ActiveCfg = Release|Win32
		{5B1F840D-7EF0-46B2-8250-68DF69EE0808}.Release|Win32.Build.0 = Release|Win32
		{5B1F840D-7EF0-46B2-8250-68DF69EE0808}.Release|x64.ActiveCfg = Release|Win32
		{5B1F840D-7EF0-46B2-8250-68DF69EE0808}.Release|x64.Build.0 = Release|Win32
		{5B1F840D-7EF0-46B2-8250-68DF69EE0808}.Release|x86.ActiveCfg = Release|Win32
		{5B1F840D-7EF0-46B2-8250-68DF69EE0808}.Release|x86.Build.0 = Release|Win32
		{BF7BF120-0B15-4621-8F81-E243E30E304B}.Debug|Any CPU.ActiveCfg = Debug|x64
		{BF7BF120-0B15-4621-8F81-E243E30E304B}.Debug|Any CPU.Build.0 = Debug|x64
		{BF7BF120-0B15-4621-8F81-E243E30E304B}.Debug|Win32.ActiveCfg = Debug|Win32
		{BF7BF120-0B15-4621-8F81-E243E30E304B}.Debug|Win32.Build.0 = Debug|Win32
		{BF7BF120-0B15-4621-8F81-E243E30E304B}.Debug|x64.ActiveCfg = Debug|x64
		{BF7BF120-0B15-4621-8F81-E243E30E304B}.Debug|x64.Build.0 = Debug|x64
		{BF7BF120-0B15-4621-8F81-E243E30E304B}.Debug|x86.ActiveCfg = Debug|Win32
		{BF7BF120-0B15-4621-8F81-E243E30E304B}.Debug|x86.Build.0 = Debug|Win32
		{BF7BF120-0B15-4621-8F81-E243E30E304B}.Release|Any CPU.ActiveCfg = Release|x64
		{BF7BF120-0B15-4621-8F81-E243E30E304B}.Release|Any CPU.Build.0 = Release|x64
		{BF7BF120-0B15-4621-8F81-E243E30E304B}.Release|Win32.ActiveCfg = Release|Win32
		{BF7BF120-0B15-4621-8F81-E243E30E304B}.Release|Win32.Build.0 = Release|Win32
		{BF7BF120-0B15-4621-8F81-E243E30E304B}.Release|x64.ActiveCfg = Release|x64
		{BF7BF120-0B15-4621-8F81-E243E30E304B}.Release|x64.Build.0 = Release|x64
		{BF7BF120-0B15-4621-8F81-E243E30E304B}.Release|x86.ActiveCfg = Release|Win32
		{BF7BF120-0B15-4621-8F81-E243E30E304B}.Release|x86.Build.0 = Release|Win32
		{F54F0A2E-771C-4C9F-930C-17C33C8F9F8E}.Debug|Any CPU.ActiveCfg = Debug|x64
		{F54F0A2E-771C-4C9F-930C-17C33C8F9F8E}.Debug|Any CPU.Build.0 = Debug|x64
		{F54F0A2E-771C-4C9F-930C-17C33C8F9F8E}.Debug|Win32.ActiveCfg = Debug|Win32
		{F54F0A2E-771C-4C9F-930C-17C33C8F9F8E}.Debug|Win32.Build.0 = Debug|Win32
		{F54F0A2E-771C-4C9F-930C-17C33C8F9F8E}.Debug|x64.ActiveCfg = Debug|x64
		{F54F0A2E-771C-4C9F-930C-17C33C8F9F8E}.Debug|x64.Build.0 = Debug|x64
		{F54F0A2E-771C-4C9F-930C-17C33C8F9F8E}.Debug|x86.ActiveCfg = Debug|Win32
		{F54F0A2E-771C-4C9F-930C-17C33C8F9F8E}.Debug|x86.Build.0 = Debug|Win32
		{F54F0A2E-771C-4C9F-930C-17C33C8F9F8E}.Release|Any CPU.ActiveCfg = Release|x64
		{F54F0A2E-771C-4C9F-930C-17C33C8F9F8E}.Release|Any CPU.Build.0 = Release|x64
		{F54F0A2E-771C-4C9F-930C-17C33C8F9F8E}.Release|Win32.ActiveCfg = Release|Win32
		{F54F0A2E-771C-4C9F-930C-17C33C8F9F8E}.Release|Win32.Build.0 = Release|Win32
		{F54F0A2E-771C-4C9F-930C-17C33C8F9F8E}.Release|x64.ActiveCfg = Release|x64
		{F54F0A2E-771C-4C9F-930C-17C33C8F9F8E}.Release|x64.Build.0 = Release|x64
		{F54F0A2E-771C-4C9F-930C-17C33C8F9F8E}.Release|x86.ActiveCfg = Release|Win32
		{F54F0A2E-771C-4C9F-930C-17C33C8F9F8E}.Release|x86.Build.0 = Release|Win32
		{E1736540-B5CB-4320-B821-B620724BBCC8}.Debug|Any CPU.ActiveCfg = Debug|x64
		{E1736540-B5CB-4320-B821-B620724BBCC8}.Debug|Any CPU.Build.0 = Debug|x64
		{E1736540-B5CB-4320-B821-B620724BBCC8}.Debug|Win32.ActiveCfg = Debug|Win32
		{E1736540-B5CB-4320-B821-B620724BBCC8}.Debug|Win32.Build.0 = Debug|Win32
		{E1736540-B5CB-4320-B821-B620724BBCC8}.Debug|x64.ActiveCfg = Debug|x64
		{E1736540-B5CB-4320-B821-B620724BBCC8}.Debug|x64.Build.0 = Debug|x64
		{E1736540-B5CB-4320-B821-B620724BBCC8}.Debug|x86.ActiveCfg = Debug|Win32
		{E1736540-B5CB-4320-B821-B620724BBCC8}.Debug|x86.Build.0 = Debug|Win32
		{E1736540-B5CB-4320-B821-B620724BBCC8}.Release|Any CPU.ActiveCfg = Release|x64
		{E1736540-B5CB-4320-B821-B620724BBCC8}.Release|Any CPU.Build.0 = Release|x64
		{E1736540-B5CB-4320-B821-B620724BBCC8}.Release|Win32.ActiveCfg = Release|Win32
		{E1736540-B5CB-4320-B821-B620724BBCC8}.Release|Win32.Build.0 = Release|Win32
		{E1736540-B5CB-4320-B821-B620724BBCC8}.Release|x64.ActiveCfg = Release|x64
		{E1736540-B5CB-4320-B821-B620724BBCC8}.Release|x64.Build.0 = Release|x64
		{E1736540-B5CB-4320-B821-B620724BBCC8}.Release|x86.ActiveCfg = Release|Win32
		{E1736540-B5CB-4320-B821-B620724BBCC8}.Release|x86.Build.0 = Release|Win32
	EndGlobalSection
	GlobalSection(SolutionProperties) = preSolution
		HideSolutionNode = FALSE
	EndGlobalSection
	GlobalSection(NestedProjects) = preSolution
		{D7DF9768-BB93-41D2-9398-28DF2D2C1D82} = {8D7EB137-B703-4198-8645-9F7AF24AA394}
		{A536A058-B540-4F19-9DDF-9B1A0B3015E8} = {451000A9-3857-4F4F-818D-E2369FFDC309}
		{3EA50F92-0002-41F9-A73D-64507C67F98B} = {451000A9-3857-4F4F-818D-E2369FFDC309}
		{7078B110-E5E8-461B-9052-564ED92353B6} = {451000A9-3857-4F4F-818D-E2369FFDC309}
		{D85BBE99-43A6-4EB8-93AF-AAE15ED39E8C} = {451000A9-3857-4F4F-818D-E2369FFDC309}
		{154DFB90-243F-4E33-B805-06C283D78723} = {C2B688A4-7732-4C7A-A55C-01F076D02A85}
		{1E326B13-21ED-446B-9E9E-FEA8C29D6DB7} = {C2B688A4-7732-4C7A-A55C-01F076D02A85}
		{20FE3BEB-FB66-41FF-B8A9-860FCE670C0B} = {EBB82F57-8DA6-40DD-B4D9-61661F39BA62}
		{A747E52D-6FEE-439D-A7FB-2BF0C448A3AA} = {C2B688A4-7732-4C7A-A55C-01F076D02A85}
		{D4A2F35B-948D-4BF1-A48A-3DD68E28AE08} = {C2B688A4-7732-4C7A-A55C-01F076D02A85}
		{7F38A22B-FBD2-4038-B439-027339194A2E} = {C2B688A4-7732-4C7A-A55C-01F076D02A85}
		{756E600E-6C3C-4B4C-9096-D79ED8E3CEB1} = {C2B688A4-7732-4C7A-A55C-01F076D02A85}
		{60368921-BE58-4888-9DEF-05DEEA942BC3} = {451000A9-3857-4F4F-818D-E2369FFDC309}
		{81F69EBC-F2DB-4666-B1A2-08FDD8DB972A} = {C2B688A4-7732-4C7A-A55C-01F076D02A85}
		{5B1F840D-7EF0-46B2-8250-68DF69EE0808} = {451000A9-3857-4F4F-818D-E2369FFDC309}
		{BF7BF120-0B15-4621-8F81-E243E30E304B} = {EBB82F57-8DA6-40DD-B4D9-61661F39BA62}
		{F54F0A2E-771C-4C9F-930C-17C33C8F9F8E} = {451000A9-3857-4F4F-818D-E2369FFDC309}
		{E1736540-B5CB-4320-B821-B620724BBCC8} = {EBB82F57-8DA6-40DD-B4D9-61661F39BA62}
	EndGlobalSection
	GlobalSection(ExtensibilityGlobals) = postSolution
		SolutionGuid = {7B52001C-81DB-43BF-BABA-ECA69ACF706A}
	EndGlobalSection
EndGlobal
