
Microsoft Visual Studio Solution File, Format Version 12.00
# Visual Studio Version 16
VisualStudioVersion = 16.0.30320.27
MinimumVisualStudioVersion = 10.0.40219.1
Project("{2150E333-8FDC-42A3-9474-1A3956D46DE8}") = "Algorithms", "Algorithms", "{8D7EB137-B703-4198-8645-9F7AF24AA394}"
EndProject
Project("{2150E333-8FDC-42A3-9474-1A3956D46DE8}") = "DataStructures", "DataStructures", "{C2B688A4-7732-4C7A-A55C-01F076D02A85}"
EndProject
Project("{2150E333-8FDC-42A3-9474-1A3956D46DE8}") = "NearestNeighbor", "NearestNeighbor", "{451000A9-3857-4F4F-818D-E2369FFDC309}"
EndProject
Project("{2150E333-8FDC-42A3-9474-1A3956D46DE8}") = "Examples", "Examples", "{EBB82F57-8DA6-40DD-B4D9-61661F39BA62}"
EndProject
Project("{888888A0-9F3D-457C-B088-3A5042F75D52}") = "Aligning", "Algorithms\Aligning\Aligning.pyproj", "{D7DF9768-BB93-41D2-9398-28DF2D2C1D82}"
EndProject
Project("{8BC9CEB8-8B4A-11D0-8D11-00A0C91BC942}") = "compressed_quadtree", "DataStrcutures\compressed_quadtree\compressed_quadtree.vcxproj", "{2813DCD6-814B-4D0E-B8AC-7EDF1B19C435}"
EndProject
Project("{8BC9CEB8-8B4A-11D0-8D11-00A0C91BC942}") = "DCEL", "DataStrcutures\DCEL\DCEL.vcxproj", "{D1542810-6B29-40EA-8189-1CC35EE332E3}"
EndProject
Project("{8BC9CEB8-8B4A-11D0-8D11-00A0C91BC942}") = "BBST", "DataStrcutures\BBST\BBST.vcxproj", "{1E326B13-21ED-446B-9E9E-FEA8C29D6DB7}"
EndProject
Project("{8BC9CEB8-8B4A-11D0-8D11-00A0C91BC942}") = "AVLTree", "DataStrcutures\AVLTree\AVLTree.vcxproj", "{154DFB90-243F-4E33-B805-06C283D78723}"
EndProject
Project("{8BC9CEB8-8B4A-11D0-8D11-00A0C91BC942}") = "WNNP", "NearestNeighbor\WNNP\WNNP.vcxproj", "{87095B39-D835-4943-82FD-B331F81D805A}"
EndProject
Project("{8BC9CEB8-8B4A-11D0-8D11-00A0C91BC942}") = "ShortestPathSimplePolygon", "Examples\ShortestPathSimplePolygon\ShortestPathSimplePolygon.vcxproj", "{D5B4D14B-924E-48A1-99FE-D87287E28632}"
EndProject
Project("{8BC9CEB8-8B4A-11D0-8D11-00A0C91BC942}") = "HNN", "NearestNeighbor\HNN\HNN.vcxproj", "{A536A058-B540-4F19-9DDF-9B1A0B3015E8}"
EndProject
Project("{8BC9CEB8-8B4A-11D0-8D11-00A0C91BC942}") = "FNNNE", "NearestNeighbor\FastNearestNeighbor(NonlinearEmbedding)\nnimage\nnimage.vcxproj", "{5B1F840D-7EF0-46B2-8250-68DF69EE0808}"
EndProject
Project("{8BC9CEB8-8B4A-11D0-8D11-00A0C91BC942}") = "RBTree", "DataStrcutures\RBTree\RBTree.vcxproj", "{D4A2F35B-948D-4BF1-A48A-3DD68E28AE08}"
EndProject
Project("{8BC9CEB8-8B4A-11D0-8D11-00A0C91BC942}") = "SegL1Voronoi", "DataStrcutures\SegL1Voronoi\SegL1Voronoi.vcxproj", "{7F38A22B-FBD2-4038-B439-027339194A2E}"
EndProject
Project("{888888A0-9F3D-457C-B088-3A5042F75D52}") = "CarrierGraph", "DataStrcutures\CarrierGraph\CarrierGraph.pyproj", "{8F0D578D-7A70-4033-BCCC-EEE2AFBC5856}"
EndProject
Project("{8BC9CEB8-8B4A-11D0-8D11-00A0C91BC942}") = "SegTree", "DataStrcutures\SegTree\SegTree.vcxproj", "{23500E32-E24A-4336-BD25-21E5E71C5477}"
EndProject
Project("{8BC9CEB8-8B4A-11D0-8D11-00A0C91BC942}") = "DDNN", "NearestNeighbor\DDNN\DDNN.vcxproj", "{3EA50F92-0002-41F9-A73D-64507C67F98B}"
EndProject
Project("{8BC9CEB8-8B4A-11D0-8D11-00A0C91BC942}") = "L1NNS", "NearestNeighbor\L1NNS\L1NNS.vcxproj", "{7078B110-E5E8-461B-9052-564ED92353B6}"
EndProject
Global
	GlobalSection(SolutionConfigurationPlatforms) = preSolution
		Debug|Any CPU = Debug|Any CPU
		Debug|Win32 = Debug|Win32
		Debug|x64 = Debug|x64
		Debug|x86 = Debug|x86
		Release|Any CPU = Release|Any CPU
		Release|Win32 = Release|Win32
		Release|x64 = Release|x64
		Release|x86 = Release|x86
	EndGlobalSection
	GlobalSection(ProjectConfigurationPlatforms) = postSolution
		{D7DF9768-BB93-41D2-9398-28DF2D2C1D82}.Debug|Any CPU.ActiveCfg = Debug|Any CPU
		{D7DF9768-BB93-41D2-9398-28DF2D2C1D82}.Debug|Win32.ActiveCfg = Debug|Any CPU
		{D7DF9768-BB93-41D2-9398-28DF2D2C1D82}.Debug|x64.ActiveCfg = Debug|Any CPU
		{D7DF9768-BB93-41D2-9398-28DF2D2C1D82}.Debug|x86.ActiveCfg = Debug|Any CPU
		{D7DF9768-BB93-41D2-9398-28DF2D2C1D82}.Release|Any CPU.ActiveCfg = Release|Any CPU
		{D7DF9768-BB93-41D2-9398-28DF2D2C1D82}.Release|Win32.ActiveCfg = Release|Any CPU
		{D7DF9768-BB93-41D2-9398-28DF2D2C1D82}.Release|x64.ActiveCfg = Release|Any CPU
		{D7DF9768-BB93-41D2-9398-28DF2D2C1D82}.Release|x86.ActiveCfg = Release|Any CPU
		{2813DCD6-814B-4D0E-B8AC-7EDF1B19C435}.Debug|Any CPU.ActiveCfg = Debug|Win32
		{2813DCD6-814B-4D0E-B8AC-7EDF1B19C435}.Debug|Win32.ActiveCfg = Debug|Win32
		{2813DCD6-814B-4D0E-B8AC-7EDF1B19C435}.Debug|Win32.Build.0 = Debug|Win32
		{2813DCD6-814B-4D0E-B8AC-7EDF1B19C435}.Debug|x64.ActiveCfg = Debug|x64
		{2813DCD6-814B-4D0E-B8AC-7EDF1B19C435}.Debug|x64.Build.0 = Debug|x64
		{2813DCD6-814B-4D0E-B8AC-7EDF1B19C435}.Debug|x86.ActiveCfg = Debug|Win32
		{2813DCD6-814B-4D0E-B8AC-7EDF1B19C435}.Debug|x86.Build.0 = Debug|Win32
		{2813DCD6-814B-4D0E-B8AC-7EDF1B19C435}.Release|Any CPU.ActiveCfg = Release|Win32
		{2813DCD6-814B-4D0E-B8AC-7EDF1B19C435}.Release|Win32.ActiveCfg = Release|Win32
		{2813DCD6-814B-4D0E-B8AC-7EDF1B19C435}.Release|Win32.Build.0 = Release|Win32
		{2813DCD6-814B-4D0E-B8AC-7EDF1B19C435}.Release|x64.ActiveCfg = Release|x64
		{2813DCD6-814B-4D0E-B8AC-7EDF1B19C435}.Release|x64.Build.0 = Release|x64
		{2813DCD6-814B-4D0E-B8AC-7EDF1B19C435}.Release|x86.ActiveCfg = Release|Win32
		{2813DCD6-814B-4D0E-B8AC-7EDF1B19C435}.Release|x86.Build.0 = Release|Win32
		{D1542810-6B29-40EA-8189-1CC35EE332E3}.Debug|Any CPU.ActiveCfg = Debug|Win32
		{D1542810-6B29-40EA-8189-1CC35EE332E3}.Debug|Win32.ActiveCfg = Debug|Win32
		{D1542810-6B29-40EA-8189-1CC35EE332E3}.Debug|Win32.Build.0 = Debug|Win32
		{D1542810-6B29-40EA-8189-1CC35EE332E3}.Debug|x64.ActiveCfg = Debug|x64
		{D1542810-6B29-40EA-8189-1CC35EE332E3}.Debug|x64.Build.0 = Debug|x64
		{D1542810-6B29-40EA-8189-1CC35EE332E3}.Debug|x86.ActiveCfg = Debug|Win32
		{D1542810-6B29-40EA-8189-1CC35EE332E3}.Debug|x86.Build.0 = Debug|Win32
		{D1542810-6B29-40EA-8189-1CC35EE332E3}.Release|Any CPU.ActiveCfg = Release|Win32
		{D1542810-6B29-40EA-8189-1CC35EE332E3}.Release|Win32.ActiveCfg = Release|Win32
		{D1542810-6B29-40EA-8189-1CC35EE332E3}.Release|Win32.Build.0 = Release|Win32
		{D1542810-6B29-40EA-8189-1CC35EE332E3}.Release|x64.ActiveCfg = Release|x64
		{D1542810-6B29-40EA-8189-1CC35EE332E3}.Release|x64.Build.0 = Release|x64
		{D1542810-6B29-40EA-8189-1CC35EE332E3}.Release|x86.ActiveCfg = Release|Win32
		{D1542810-6B29-40EA-8189-1CC35EE332E3}.Release|x86.Build.0 = Release|Win32
		{1E326B13-21ED-446B-9E9E-FEA8C29D6DB7}.Debug|Any CPU.ActiveCfg = Debug|Win32
		{1E326B13-21ED-446B-9E9E-FEA8C29D6DB7}.Debug|Win32.ActiveCfg = Debug|Win32
		{1E326B13-21ED-446B-9E9E-FEA8C29D6DB7}.Debug|Win32.Build.0 = Debug|Win32
		{1E326B13-21ED-446B-9E9E-FEA8C29D6DB7}.Debug|x64.ActiveCfg = Debug|x64
		{1E326B13-21ED-446B-9E9E-FEA8C29D6DB7}.Debug|x64.Build.0 = Debug|x64
		{1E326B13-21ED-446B-9E9E-FEA8C29D6DB7}.Debug|x86.ActiveCfg = Debug|Win32
		{1E326B13-21ED-446B-9E9E-FEA8C29D6DB7}.Debug|x86.Build.0 = Debug|Win32
		{1E326B13-21ED-446B-9E9E-FEA8C29D6DB7}.Release|Any CPU.ActiveCfg = Release|Win32
		{1E326B13-21ED-446B-9E9E-FEA8C29D6DB7}.Release|Win32.ActiveCfg = Release|Win32
		{1E326B13-21ED-446B-9E9E-FEA8C29D6DB7}.Release|Win32.Build.0 = Release|Win32
		{1E326B13-21ED-446B-9E9E-FEA8C29D6DB7}.Release|x64.ActiveCfg = Release|x64
		{1E326B13-21ED-446B-9E9E-FEA8C29D6DB7}.Release|x64.Build.0 = Release|x64
		{1E326B13-21ED-446B-9E9E-FEA8C29D6DB7}.Release|x86.ActiveCfg = Release|Win32
		{1E326B13-21ED-446B-9E9E-FEA8C29D6DB7}.Release|x86.Build.0 = Release|Win32
		{154DFB90-243F-4E33-B805-06C283D78723}.Debug|Any CPU.ActiveCfg = Debug|Win32
		{154DFB90-243F-4E33-B805-06C283D78723}.Debug|Win32.ActiveCfg = Debug|Win32
		{154DFB90-243F-4E33-B805-06C283D78723}.Debug|Win32.Build.0 = Debug|Win32
		{154DFB90-243F-4E33-B805-06C283D78723}.Debug|x64.ActiveCfg = Debug|x64
		{154DFB90-243F-4E33-B805-06C283D78723}.Debug|x64.Build.0 = Debug|x64
		{154DFB90-243F-4E33-B805-06C283D78723}.Debug|x86.ActiveCfg = Debug|Win32
		{154DFB90-243F-4E33-B805-06C283D78723}.Debug|x86.Build.0 = Debug|Win32
		{154DFB90-243F-4E33-B805-06C283D78723}.Release|Any CPU.ActiveCfg = Release|Win32
		{154DFB90-243F-4E33-B805-06C283D78723}.Release|Win32.ActiveCfg = Release|Win32
		{154DFB90-243F-4E33-B805-06C283D78723}.Release|Win32.Build.0 = Release|Win32
		{154DFB90-243F-4E33-B805-06C283D78723}.Release|x64.ActiveCfg = Release|x64
		{154DFB90-243F-4E33-B805-06C283D78723}.Release|x64.Build.0 = Release|x64
		{154DFB90-243F-4E33-B805-06C283D78723}.Release|x86.ActiveCfg = Release|Win32
		{154DFB90-243F-4E33-B805-06C283D78723}.Release|x86.Build.0 = Release|Win32
		{87095B39-D835-4943-82FD-B331F81D805A}.Debug|Any CPU.ActiveCfg = Debug|Win32
		{87095B39-D835-4943-82FD-B331F81D805A}.Debug|Win32.ActiveCfg = Debug|Win32
		{87095B39-D835-4943-82FD-B331F81D805A}.Debug|Win32.Build.0 = Debug|Win32
		{87095B39-D835-4943-82FD-B331F81D805A}.Debug|x64.ActiveCfg = Debug|x64
		{87095B39-D835-4943-82FD-B331F81D805A}.Debug|x64.Build.0 = Debug|x64
		{87095B39-D835-4943-82FD-B331F81D805A}.Debug|x86.ActiveCfg = Debug|Win32
		{87095B39-D835-4943-82FD-B331F81D805A}.Debug|x86.Build.0 = Debug|Win32
		{87095B39-D835-4943-82FD-B331F81D805A}.Release|Any CPU.ActiveCfg = Release|Win32
		{87095B39-D835-4943-82FD-B331F81D805A}.Release|Win32.ActiveCfg = Release|Win32
		{87095B39-D835-4943-82FD-B331F81D805A}.Release|Win32.Build.0 = Release|Win32
		{87095B39-D835-4943-82FD-B331F81D805A}.Release|x64.ActiveCfg = Release|x64
		{87095B39-D835-4943-82FD-B331F81D805A}.Release|x64.Build.0 = Release|x64
		{87095B39-D835-4943-82FD-B331F81D805A}.Release|x86.ActiveCfg = Release|Win32
		{87095B39-D835-4943-82FD-B331F81D805A}.Release|x86.Build.0 = Release|Win32
		{D5B4D14B-924E-48A1-99FE-D87287E28632}.Debug|Any CPU.ActiveCfg = Debug|Win32
		{D5B4D14B-924E-48A1-99FE-D87287E28632}.Debug|Win32.ActiveCfg = Debug|Win32
		{D5B4D14B-924E-48A1-99FE-D87287E28632}.Debug|Win32.Build.0 = Debug|Win32
		{D5B4D14B-924E-48A1-99FE-D87287E28632}.Debug|x64.ActiveCfg = Debug|x64
		{D5B4D14B-924E-48A1-99FE-D87287E28632}.Debug|x64.Build.0 = Debug|x64
		{D5B4D14B-924E-48A1-99FE-D87287E28632}.Debug|x86.ActiveCfg = Debug|Win32
		{D5B4D14B-924E-48A1-99FE-D87287E28632}.Debug|x86.Build.0 = Debug|Win32
		{D5B4D14B-924E-48A1-99FE-D87287E28632}.Release|Any CPU.ActiveCfg = Release|Win32
		{D5B4D14B-924E-48A1-99FE-D87287E28632}.Release|Win32.ActiveCfg = Release|Win32
		{D5B4D14B-924E-48A1-99FE-D87287E28632}.Release|Win32.Build.0 = Release|Win32
		{D5B4D14B-924E-48A1-99FE-D87287E28632}.Release|x64.ActiveCfg = Release|x64
		{D5B4D14B-924E-48A1-99FE-D87287E28632}.Release|x64.Build.0 = Release|x64
		{D5B4D14B-924E-48A1-99FE-D87287E28632}.Release|x86.ActiveCfg = Release|Win32
		{D5B4D14B-924E-48A1-99FE-D87287E28632}.Release|x86.Build.0 = Release|Win32
		{A536A058-B540-4F19-9DDF-9B1A0B3015E8}.Debug|Any CPU.ActiveCfg = Debug|Win32
		{A536A058-B540-4F19-9DDF-9B1A0B3015E8}.Debug|Win32.ActiveCfg = Debug|Win32
		{A536A058-B540-4F19-9DDF-9B1A0B3015E8}.Debug|Win32.Build.0 = Debug|Win32
		{A536A058-B540-4F19-9DDF-9B1A0B3015E8}.Debug|x64.ActiveCfg = Debug|x64
		{A536A058-B540-4F19-9DDF-9B1A0B3015E8}.Debug|x64.Build.0 = Debug|x64
		{A536A058-B540-4F19-9DDF-9B1A0B3015E8}.Debug|x86.ActiveCfg = Debug|Win32
		{A536A058-B540-4F19-9DDF-9B1A0B3015E8}.Debug|x86.Build.0 = Debug|Win32
		{A536A058-B540-4F19-9DDF-9B1A0B3015E8}.Release|Any CPU.ActiveCfg = Release|Win32
		{A536A058-B540-4F19-9DDF-9B1A0B3015E8}.Release|Win32.ActiveCfg = Release|Win32
		{A536A058-B540-4F19-9DDF-9B1A0B3015E8}.Release|Win32.Build.0 = Release|Win32
		{A536A058-B540-4F19-9DDF-9B1A0B3015E8}.Release|x64.ActiveCfg = Release|x64
		{A536A058-B540-4F19-9DDF-9B1A0B3015E8}.Release|x64.Build.0 = Release|x64
		{A536A058-B540-4F19-9DDF-9B1A0B3015E8}.Release|x86.ActiveCfg = Release|Win32
		{A536A058-B540-4F19-9DDF-9B1A0B3015E8}.Release|x86.Build.0 = Release|Win32
		{5B1F840D-7EF0-46B2-8250-68DF69EE0808}.Debug|Any CPU.ActiveCfg = Debug|Win32
		{5B1F840D-7EF0-46B2-8250-68DF69EE0808}.Debug|Win32.ActiveCfg = Debug|Win32
		{5B1F840D-7EF0-46B2-8250-68DF69EE0808}.Debug|Win32.Build.0 = Debug|Win32
		{5B1F840D-7EF0-46B2-8250-68DF69EE0808}.Debug|x64.ActiveCfg = Debug|Win32
		{5B1F840D-7EF0-46B2-8250-68DF69EE0808}.Debug|x86.ActiveCfg = Debug|Win32
		{5B1F840D-7EF0-46B2-8250-68DF69EE0808}.Debug|x86.Build.0 = Debug|Win32
		{5B1F840D-7EF0-46B2-8250-68DF69EE0808}.Release|Any CPU.ActiveCfg = Release|Win32
		{5B1F840D-7EF0-46B2-8250-68DF69EE0808}.Release|Win32.ActiveCfg = Release|Win32
		{5B1F840D-7EF0-46B2-8250-68DF69EE0808}.Release|Win32.Build.0 = Release|Win32
		{5B1F840D-7EF0-46B2-8250-68DF69EE0808}.Release|x64.ActiveCfg = Release|Win32
		{5B1F840D-7EF0-46B2-8250-68DF69EE0808}.Release|x86.ActiveCfg = Release|Win32
		{5B1F840D-7EF0-46B2-8250-68DF69EE0808}.Release|x86.Build.0 = Release|Win32
		{D4A2F35B-948D-4BF1-A48A-3DD68E28AE08}.Debug|Any CPU.ActiveCfg = Debug|Win32
		{D4A2F35B-948D-4BF1-A48A-3DD68E28AE08}.Debug|Win32.ActiveCfg = Debug|Win32
		{D4A2F35B-948D-4BF1-A48A-3DD68E28AE08}.Debug|Win32.Build.0 = Debug|Win32
		{D4A2F35B-948D-4BF1-A48A-3DD68E28AE08}.Debug|x64.ActiveCfg = Debug|x64
		{D4A2F35B-948D-4BF1-A48A-3DD68E28AE08}.Debug|x64.Build.0 = Debug|x64
		{D4A2F35B-948D-4BF1-A48A-3DD68E28AE08}.Debug|x86.ActiveCfg = Debug|Win32
		{D4A2F35B-948D-4BF1-A48A-3DD68E28AE08}.Debug|x86.Build.0 = Debug|Win32
		{D4A2F35B-948D-4BF1-A48A-3DD68E28AE08}.Release|Any CPU.ActiveCfg = Release|Win32
		{D4A2F35B-948D-4BF1-A48A-3DD68E28AE08}.Release|Win32.ActiveCfg = Release|Win32
		{D4A2F35B-948D-4BF1-A48A-3DD68E28AE08}.Release|Win32.Build.0 = Release|Win32
		{D4A2F35B-948D-4BF1-A48A-3DD68E28AE08}.Release|x64.ActiveCfg = Release|x64
		{D4A2F35B-948D-4BF1-A48A-3DD68E28AE08}.Release|x64.Build.0 = Release|x64
		{D4A2F35B-948D-4BF1-A48A-3DD68E28AE08}.Release|x86.ActiveCfg = Release|Win32
		{D4A2F35B-948D-4BF1-A48A-3DD68E28AE08}.Release|x86.Build.0 = Release|Win32
		{7F38A22B-FBD2-4038-B439-027339194A2E}.Debug|Any CPU.ActiveCfg = Debug|Win32
		{7F38A22B-FBD2-4038-B439-027339194A2E}.Debug|Win32.ActiveCfg = Debug|Win32
		{7F38A22B-FBD2-4038-B439-027339194A2E}.Debug|Win32.Build.0 = Debug|Win32
		{7F38A22B-FBD2-4038-B439-027339194A2E}.Debug|x64.ActiveCfg = Debug|x64
		{7F38A22B-FBD2-4038-B439-027339194A2E}.Debug|x64.Build.0 = Debug|x64
		{7F38A22B-FBD2-4038-B439-027339194A2E}.Debug|x86.ActiveCfg = Debug|Win32
		{7F38A22B-FBD2-4038-B439-027339194A2E}.Debug|x86.Build.0 = Debug|Win32
		{7F38A22B-FBD2-4038-B439-027339194A2E}.Release|Any CPU.ActiveCfg = Release|Win32
		{7F38A22B-FBD2-4038-B439-027339194A2E}.Release|Win32.ActiveCfg = Release|Win32
		{7F38A22B-FBD2-4038-B439-027339194A2E}.Release|Win32.Build.0 = Release|Win32
		{7F38A22B-FBD2-4038-B439-027339194A2E}.Release|x64.ActiveCfg = Release|x64
		{7F38A22B-FBD2-4038-B439-027339194A2E}.Release|x64.Build.0 = Release|x64
		{7F38A22B-FBD2-4038-B439-027339194A2E}.Release|x86.ActiveCfg = Release|Win32
		{7F38A22B-FBD2-4038-B439-027339194A2E}.Release|x86.Build.0 = Release|Win32
		{8F0D578D-7A70-4033-BCCC-EEE2AFBC5856}.Debug|Any CPU.ActiveCfg = Debug|Any CPU
		{8F0D578D-7A70-4033-BCCC-EEE2AFBC5856}.Debug|Win32.ActiveCfg = Debug|Any CPU
		{8F0D578D-7A70-4033-BCCC-EEE2AFBC5856}.Debug|x64.ActiveCfg = Debug|Any CPU
		{8F0D578D-7A70-4033-BCCC-EEE2AFBC5856}.Debug|x86.ActiveCfg = Debug|Any CPU
		{8F0D578D-7A70-4033-BCCC-EEE2AFBC5856}.Release|Any CPU.ActiveCfg = Release|Any CPU
		{8F0D578D-7A70-4033-BCCC-EEE2AFBC5856}.Release|Win32.ActiveCfg = Release|Any CPU
		{8F0D578D-7A70-4033-BCCC-EEE2AFBC5856}.Release|x64.ActiveCfg = Release|Any CPU
		{8F0D578D-7A70-4033-BCCC-EEE2AFBC5856}.Release|x86.ActiveCfg = Release|Any CPU
		{23500E32-E24A-4336-BD25-21E5E71C5477}.Debug|Any CPU.ActiveCfg = Debug|Win32
		{23500E32-E24A-4336-BD25-21E5E71C5477}.Debug|Win32.ActiveCfg = Debug|Win32
		{23500E32-E24A-4336-BD25-21E5E71C5477}.Debug|Win32.Build.0 = Debug|Win32
		{23500E32-E24A-4336-BD25-21E5E71C5477}.Debug|x64.ActiveCfg = Debug|x64
		{23500E32-E24A-4336-BD25-21E5E71C5477}.Debug|x64.Build.0 = Debug|x64
		{23500E32-E24A-4336-BD25-21E5E71C5477}.Debug|x86.ActiveCfg = Debug|Win32
		{23500E32-E24A-4336-BD25-21E5E71C5477}.Debug|x86.Build.0 = Debug|Win32
		{23500E32-E24A-4336-BD25-21E5E71C5477}.Release|Any CPU.ActiveCfg = Release|Win32
		{23500E32-E24A-4336-BD25-21E5E71C5477}.Release|Win32.ActiveCfg = Release|Win32
		{23500E32-E24A-4336-BD25-21E5E71C5477}.Release|Win32.Build.0 = Release|Win32
		{23500E32-E24A-4336-BD25-21E5E71C5477}.Release|x64.ActiveCfg = Release|x64
		{23500E32-E24A-4336-BD25-21E5E71C5477}.Release|x64.Build.0 = Release|x64
		{23500E32-E24A-4336-BD25-21E5E71C5477}.Release|x86.ActiveCfg = Release|Win32
		{23500E32-E24A-4336-BD25-21E5E71C5477}.Release|x86.Build.0 = Release|Win32
		{3EA50F92-0002-41F9-A73D-64507C67F98B}.Debug|Any CPU.ActiveCfg = Debug|Win32
		{3EA50F92-0002-41F9-A73D-64507C67F98B}.Debug|Win32.ActiveCfg = Debug|Win32
		{3EA50F92-0002-41F9-A73D-64507C67F98B}.Debug|Win32.Build.0 = Debug|Win32
		{3EA50F92-0002-41F9-A73D-64507C67F98B}.Debug|x64.ActiveCfg = Debug|x64
		{3EA50F92-0002-41F9-A73D-64507C67F98B}.Debug|x64.Build.0 = Debug|x64
		{3EA50F92-0002-41F9-A73D-64507C67F98B}.Debug|x86.ActiveCfg = Debug|Win32
		{3EA50F92-0002-41F9-A73D-64507C67F98B}.Debug|x86.Build.0 = Debug|Win32
		{3EA50F92-0002-41F9-A73D-64507C67F98B}.Release|Any CPU.ActiveCfg = Release|Win32
		{3EA50F92-0002-41F9-A73D-64507C67F98B}.Release|Win32.ActiveCfg = Release|Win32
		{3EA50F92-0002-41F9-A73D-64507C67F98B}.Release|Win32.Build.0 = Release|Win32
		{3EA50F92-0002-41F9-A73D-64507C67F98B}.Release|x64.ActiveCfg = Release|x64
		{3EA50F92-0002-41F9-A73D-64507C67F98B}.Release|x64.Build.0 = Release|x64
		{3EA50F92-0002-41F9-A73D-64507C67F98B}.Release|x86.ActiveCfg = Release|Win32
		{3EA50F92-0002-41F9-A73D-64507C67F98B}.Release|x86.Build.0 = Release|Win32
		{7078B110-E5E8-461B-9052-564ED92353B6}.Debug|Any CPU.ActiveCfg = Debug|Win32
		{7078B110-E5E8-461B-9052-564ED92353B6}.Debug|Win32.ActiveCfg = Debug|Win32
		{7078B110-E5E8-461B-9052-564ED92353B6}.Debug|Win32.Build.0 = Debug|Win32
		{7078B110-E5E8-461B-9052-564ED92353B6}.Debug|x64.ActiveCfg = Debug|x64
		{7078B110-E5E8-461B-9052-564ED92353B6}.Debug|x64.Build.0 = Debug|x64
		{7078B110-E5E8-461B-9052-564ED92353B6}.Debug|x86.ActiveCfg = Debug|Win32
		{7078B110-E5E8-461B-9052-564ED92353B6}.Debug|x86.Build.0 = Debug|Win32
		{7078B110-E5E8-461B-9052-564ED92353B6}.Release|Any CPU.ActiveCfg = Release|Win32
		{7078B110-E5E8-461B-9052-564ED92353B6}.Release|Win32.ActiveCfg = Release|Win32
		{7078B110-E5E8-461B-9052-564ED92353B6}.Release|Win32.Build.0 = Release|Win32
		{7078B110-E5E8-461B-9052-564ED92353B6}.Release|x64.ActiveCfg = Release|x64
		{7078B110-E5E8-461B-9052-564ED92353B6}.Release|x64.Build.0 = Release|x64
		{7078B110-E5E8-461B-9052-564ED92353B6}.Release|x86.ActiveCfg = Release|Win32
		{7078B110-E5E8-461B-9052-564ED92353B6}.Release|x86.Build.0 = Release|Win32
	EndGlobalSection
	GlobalSection(SolutionProperties) = preSolution
		HideSolutionNode = FALSE
	EndGlobalSection
	GlobalSection(NestedProjects) = preSolution
		{D7DF9768-BB93-41D2-9398-28DF2D2C1D82} = {8D7EB137-B703-4198-8645-9F7AF24AA394}
		{2813DCD6-814B-4D0E-B8AC-7EDF1B19C435} = {C2B688A4-7732-4C7A-A55C-01F076D02A85}
		{D1542810-6B29-40EA-8189-1CC35EE332E3} = {C2B688A4-7732-4C7A-A55C-01F076D02A85}
		{1E326B13-21ED-446B-9E9E-FEA8C29D6DB7} = {C2B688A4-7732-4C7A-A55C-01F076D02A85}
		{154DFB90-243F-4E33-B805-06C283D78723} = {C2B688A4-7732-4C7A-A55C-01F076D02A85}
		{87095B39-D835-4943-82FD-B331F81D805A} = {451000A9-3857-4F4F-818D-E2369FFDC309}
		{D5B4D14B-924E-48A1-99FE-D87287E28632} = {EBB82F57-8DA6-40DD-B4D9-61661F39BA62}
		{A536A058-B540-4F19-9DDF-9B1A0B3015E8} = {451000A9-3857-4F4F-818D-E2369FFDC309}
		{5B1F840D-7EF0-46B2-8250-68DF69EE0808} = {451000A9-3857-4F4F-818D-E2369FFDC309}
		{D4A2F35B-948D-4BF1-A48A-3DD68E28AE08} = {C2B688A4-7732-4C7A-A55C-01F076D02A85}
		{7F38A22B-FBD2-4038-B439-027339194A2E} = {C2B688A4-7732-4C7A-A55C-01F076D02A85}
		{8F0D578D-7A70-4033-BCCC-EEE2AFBC5856} = {C2B688A4-7732-4C7A-A55C-01F076D02A85}
		{23500E32-E24A-4336-BD25-21E5E71C5477} = {C2B688A4-7732-4C7A-A55C-01F076D02A85}
		{3EA50F92-0002-41F9-A73D-64507C67F98B} = {451000A9-3857-4F4F-818D-E2369FFDC309}
		{7078B110-E5E8-461B-9052-564ED92353B6} = {451000A9-3857-4F4F-818D-E2369FFDC309}
	EndGlobalSection
	GlobalSection(ExtensibilityGlobals) = postSolution
		SolutionGuid = {7B52001C-81DB-43BF-BABA-ECA69ACF706A}
	EndGlobalSection
EndGlobal
