<?xml version="1.0" encoding="utf-8"?>
<Project ToolsVersion="4.0" xmlns="http://schemas.microsoft.com/developer/msbuild/2003">
  <ItemGroup>
    <Filter Include="소스 파일">
      <UniqueIdentifier>{4FC737F1-C7A5-4376-A066-2A32D752A2FF}</UniqueIdentifier>
      <Extensions>cpp;c;cc;cxx;c++;cppm;ixx;def;odl;idl;hpj;bat;asm;asmx</Extensions>
    </Filter>
    <Filter Include="헤더 파일">
      <UniqueIdentifier>{93995380-89BD-4b04-88EB-625FBE52EBFB}</UniqueIdentifier>
      <Extensions>h;hh;hpp;hxx;h++;hm;inl;inc;ipp;xsd</Extensions>
    </Filter>
    <Filter Include="리소스 파일">
      <UniqueIdentifier>{67DA6AB6-F800-4c08-8B7A-83BB121AAD01}</UniqueIdentifier>
      <Extensions>rc;ico;cur;bmp;dlg;rc2;rct;bin;rgs;gif;jpg;jpeg;jpe;resx;tiff;tif;png;wav;mfcribbon-ms</Extensions>
    </Filter>
    <Filter Include="소스 파일\DCEL">
      <UniqueIdentifier>{a95e6fa4-6b98-43fa-af0a-107740103a26}</UniqueIdentifier>
    </Filter>
  </ItemGroup>
  <ItemGroup>
    <ClCompile Include="main.cpp">
      <Filter>소스 파일</Filter>
    </ClCompile>
    <ClCompile Include="Space.cpp">
      <Filter>소스 파일</Filter>
    </ClCompile>
    <ClCompile Include="..\ENN\C_Subidivision\DCEL\DCEL.cpp">
      <Filter>소스 파일\DCEL</Filter>
    </ClCompile>
    <ClCompile Include="..\ENN\C_Subidivision\DCEL\DCEL_IO.cpp">
      <Filter>소스 파일\DCEL</Filter>
    </ClCompile>
    <ClCompile Include="..\ENN\C_Subidivision\DCEL\DCEL_operation.cpp">
      <Filter>소스 파일\DCEL</Filter>
    </ClCompile>
    <ClCompile Include="..\ENN\C_Subidivision\DCEL\Edge.cpp">
      <Filter>소스 파일\DCEL</Filter>
    </ClCompile>
    <ClCompile Include="..\ENN\C_Subidivision\DCEL\metrics.cpp">
      <Filter>소스 파일\DCEL</Filter>
    </ClCompile>
    <ClCompile Include="..\ENN\C_Subidivision\DCEL\n_d_Point.cpp">
      <Filter>소스 파일\DCEL</Filter>
    </ClCompile>
    <ClCompile Include="..\ENN\C_Subidivision\DCEL\Point.cpp">
      <Filter>소스 파일\DCEL</Filter>
    </ClCompile>
    <ClCompile Include="..\ENN\C_Subidivision\DCEL\Polygon.cpp">
      <Filter>소스 파일\DCEL</Filter>
    </ClCompile>
    <ClCompile Include="..\ENN\C_Subidivision\DCEL\PolygonalDomain.cpp">
      <Filter>소스 파일\DCEL</Filter>
    </ClCompile>
    <ClCompile Include="..\ENN\C_Subidivision\DCEL\Vector.cpp">
      <Filter>소스 파일\DCEL</Filter>
    </ClCompile>
    <ClCompile Include="AVLTreeList.cpp">
      <Filter>소스 파일</Filter>
    </ClCompile>
    <ClCompile Include="Arrangement.cpp">
      <Filter>소스 파일</Filter>
    </ClCompile>
  </ItemGroup>
  <ItemGroup>
    <ClInclude Include="..\ENN\C_Subidivision\DCEL\AVLTree.h">
      <Filter>소스 파일\DCEL</Filter>
    </ClInclude>
    <ClInclude Include="..\ENN\C_Subidivision\DCEL\DCEL.h">
      <Filter>소스 파일\DCEL</Filter>
    </ClInclude>
    <ClInclude Include="..\ENN\C_Subidivision\DCEL\DCEL_IO.h">
      <Filter>소스 파일\DCEL</Filter>
    </ClInclude>
    <ClInclude Include="..\ENN\C_Subidivision\DCEL\DCEL_operation.h">
      <Filter>소스 파일\DCEL</Filter>
    </ClInclude>
    <ClInclude Include="..\ENN\C_Subidivision\DCEL\Edge.h">
      <Filter>소스 파일\DCEL</Filter>
    </ClInclude>
    <ClInclude Include="..\ENN\C_Subidivision\DCEL\Graph.h">
      <Filter>소스 파일\DCEL</Filter>
    </ClInclude>
    <ClInclude Include="..\ENN\C_Subidivision\DCEL\metrics.h">
      <Filter>소스 파일\DCEL</Filter>
    </ClInclude>
    <ClInclude Include="..\ENN\C_Subidivision\DCEL\n_d_Point.h">
      <Filter>소스 파일\DCEL</Filter>
    </ClInclude>
    <ClInclude Include="..\ENN\C_Subidivision\DCEL\Point.h">
      <Filter>소스 파일\DCEL</Filter>
    </ClInclude>
    <ClInclude Include="..\ENN\C_Subidivision\DCEL\Polygon.h">
      <Filter>소스 파일\DCEL</Filter>
    </ClInclude>
    <ClInclude Include="..\ENN\C_Subidivision\DCEL\PolygonalDomain.h">
      <Filter>소스 파일\DCEL</Filter>
    </ClInclude>
    <ClInclude Include="..\ENN\C_Subidivision\DCEL\Vector.h">
      <Filter>소스 파일\DCEL</Filter>
    </ClInclude>
    <ClInclude Include="Space.h">
      <Filter>헤더 파일</Filter>
    </ClInclude>
    <ClInclude Include="Space_IO.h">
      <Filter>헤더 파일</Filter>
    </ClInclude>
    <ClInclude Include="utils.h">
      <Filter>헤더 파일</Filter>
    </ClInclude>
    <ClInclude Include="AVLTreeList.h">
      <Filter>헤더 파일</Filter>
    </ClInclude>
    <ClInclude Include="Arrangement.h">
      <Filter>헤더 파일</Filter>
    </ClInclude>
  </ItemGroup>
</Project>