<?xml version="1.0" encoding="utf-8"?>
<Project ToolsVersion="4.0" xmlns="http://schemas.microsoft.com/developer/msbuild/2003">
  <ItemGroup>
    <ClCompile Include="PDGraph.cpp" />
    <ClCompile Include="PDNode.cpp" />
  </ItemGroup>
  <ItemGroup>
    <ClInclude Include="PDGraph.h" />
    <ClInclude Include="PDNode.h" />
  </ItemGroup>
</Project>