
Microsoft Visual Studio Solution File, Format Version 12.00
# Visual Studio Version 16
VisualStudioVersion = 16.0.29806.167
MinimumVisualStudioVersion = 10.0.40219.1
Project("{8BC9CEB8-8B4A-11D0-8D11-00A0C91BC942}") = "epsGraph", "epsGraph\epsGraph.vcxproj", "{A15362B0-8E53-48AE-A922-C57E3B19C8EE}"
EndProject
Global
	GlobalSection(SolutionConfigurationPlatforms) = preSolution
		Debug|x64 = Debug|x64
		Debug|x86 = Debug|x86
		Release|x64 = Release|x64
		Release|x86 = Release|x86
	EndGlobalSection
	GlobalSection(ProjectConfigurationPlatforms) = postSolution
		{A15362B0-8E53-48AE-A922-C57E3B19C8EE}.Debug|x64.ActiveCfg = Debug|x64
		{A15362B0-8E53-48AE-A922-C57E3B19C8EE}.Debug|x64.Build.0 = Debug|x64
		{A15362B0-8E53-48AE-A922-C57E3B19C8EE}.Debug|x86.ActiveCfg = Debug|Win32
		{A15362B0-8E53-48AE-A922-C57E3B19C8EE}.Debug|x86.Build.0 = Debug|Win32
		{A15362B0-8E53-48AE-A922-C57E3B19C8EE}.Release|x64.ActiveCfg = Release|x64
		{A15362B0-8E53-48AE-A922-C57E3B19C8EE}.Release|x64.Build.0 = Release|x64
		{A15362B0-8E53-48AE-A922-C57E3B19C8EE}.Release|x86.ActiveCfg = Release|Win32
		{A15362B0-8E53-48AE-A922-C57E3B19C8EE}.Release|x86.Build.0 = Release|Win32
	EndGlobalSection
	GlobalSection(SolutionProperties) = preSolution
		HideSolutionNode = FALSE
	EndGlobalSection
	GlobalSection(ExtensibilityGlobals) = postSolution
		SolutionGuid = {9093F5F4-5E52-463A-ACF7-6BC896E77AD2}
	EndGlobalSection
EndGlobal
