
Microsoft Visual Studio Solution File, Format Version 12.00
# Visual Studio 15
VisualStudioVersion = 15.0.28307.757
MinimumVisualStudioVersion = 10.0.40219.1
Project("{8BC9CEB8-8B4A-11D0-8D11-00A0C91BC942}") = "DNN", "DNN\DNN.vcxproj", "{59E4A111-9EF1-4881-BFA5-B438AC6AE308}"
EndProject
Global
	GlobalSection(SolutionConfigurationPlatforms) = preSolution
		Debug|x64 = Debug|x64
		Debug|x86 = Debug|x86
		Release|x64 = Release|x64
		Release|x86 = Release|x86
	EndGlobalSection
	GlobalSection(ProjectConfigurationPlatforms) = postSolution
		{59E4A111-9EF1-4881-BFA5-B438AC6AE308}.Debug|x64.ActiveCfg = Debug|x64
		{59E4A111-9EF1-4881-BFA5-B438AC6AE308}.Debug|x64.Build.0 = Debug|x64
		{59E4A111-9EF1-4881-BFA5-B438AC6AE308}.Debug|x86.ActiveCfg = Debug|Win32
		{59E4A111-9EF1-4881-BFA5-B438AC6AE308}.Debug|x86.Build.0 = Debug|Win32
		{59E4A111-9EF1-4881-BFA5-B438AC6AE308}.Release|x64.ActiveCfg = Release|x64
		{59E4A111-9EF1-4881-BFA5-B438AC6AE308}.Release|x64.Build.0 = Release|x64
		{59E4A111-9EF1-4881-BFA5-B438AC6AE308}.Release|x86.ActiveCfg = Release|Win32
		{59E4A111-9EF1-4881-BFA5-B438AC6AE308}.Release|x86.Build.0 = Release|Win32
	EndGlobalSection
	GlobalSection(SolutionProperties) = preSolution
		HideSolutionNode = FALSE
	EndGlobalSection
	GlobalSection(ExtensibilityGlobals) = postSolution
		SolutionGuid = {7B52001C-81DB-43BF-BABA-ECA69ACF706A}
	EndGlobalSection
EndGlobal
