<?xml version="1.0" encoding="utf-8"?>
<Project ToolsVersion="4.0" xmlns="http://schemas.microsoft.com/developer/msbuild/2003">
  <ItemGroup>
    <Filter Include="소스 파일">
      <UniqueIdentifier>{4FC737F1-C7A5-4376-A066-2A32D752A2FF}</UniqueIdentifier>
      <Extensions>cpp;c;cc;cxx;c++;cppm;ixx;def;odl;idl;hpj;bat;asm;asmx</Extensions>
    </Filter>
    <Filter Include="헤더 파일">
      <UniqueIdentifier>{93995380-89BD-4b04-88EB-625FBE52EBFB}</UniqueIdentifier>
      <Extensions>h;hh;hpp;hxx;h++;hm;inl;inc;ipp;xsd</Extensions>
    </Filter>
    <Filter Include="리소스 파일">
      <UniqueIdentifier>{67DA6AB6-F800-4c08-8B7A-83BB121AAD01}</UniqueIdentifier>
      <Extensions>rc;ico;cur;bmp;dlg;rc2;rct;bin;rgs;gif;jpg;jpeg;jpe;resx;tiff;tif;png;wav;mfcribbon-ms</Extensions>
    </Filter>
  </ItemGroup>
  <ItemGroup>
    <ClCompile Include="DCEL.cpp">
      <Filter>소스 파일</Filter>
    </ClCompile>
    <ClCompile Include="DCEL_IO.cpp">
      <Filter>소스 파일</Filter>
    </ClCompile>
    <ClCompile Include="DCEL_operation.cpp">
      <Filter>소스 파일</Filter>
    </ClCompile>
    <ClCompile Include="Edge.cpp">
      <Filter>소스 파일</Filter>
    </ClCompile>
    <ClCompile Include="example.cpp">
      <Filter>소스 파일</Filter>
    </ClCompile>
    <ClCompile Include="metrics.cpp">
      <Filter>소스 파일</Filter>
    </ClCompile>
    <ClCompile Include="n_d_Point.cpp">
      <Filter>소스 파일</Filter>
    </ClCompile>
    <ClCompile Include="Point.cpp">
      <Filter>소스 파일</Filter>
    </ClCompile>
    <ClCompile Include="PolygonalDomain.cpp">
      <Filter>소스 파일</Filter>
    </ClCompile>
    <ClCompile Include="SimplePolygon.cpp">
      <Filter>소스 파일</Filter>
    </ClCompile>
    <ClCompile Include="Vector.cpp">
      <Filter>소스 파일</Filter>
    </ClCompile>
  </ItemGroup>
  <ItemGroup>
    <ClInclude Include="DCEL.h">
      <Filter>헤더 파일</Filter>
    </ClInclude>
    <ClInclude Include="DCEL_IO.h">
      <Filter>헤더 파일</Filter>
    </ClInclude>
    <ClInclude Include="DCEL_operation.h">
      <Filter>헤더 파일</Filter>
    </ClInclude>
    <ClInclude Include="Edge.h">
      <Filter>헤더 파일</Filter>
    </ClInclude>
    <ClInclude Include="Graph.h">
      <Filter>헤더 파일</Filter>
    </ClInclude>
    <ClInclude Include="metrics.h">
      <Filter>헤더 파일</Filter>
    </ClInclude>
    <ClInclude Include="AVLTree.h">
      <Filter>헤더 파일</Filter>
    </ClInclude>
    <ClInclude Include="n_d_Point.h">
      <Filter>헤더 파일</Filter>
    </ClInclude>
    <ClInclude Include="Point.h">
      <Filter>헤더 파일</Filter>
    </ClInclude>
    <ClInclude Include="PolygonalDomain.h">
      <Filter>헤더 파일</Filter>
    </ClInclude>
    <ClInclude Include="SimplePolygon.h">
      <Filter>헤더 파일</Filter>
    </ClInclude>
    <ClInclude Include="Vector.h">
      <Filter>헤더 파일</Filter>
    </ClInclude>
  </ItemGroup>
</Project>